// !$*UTF8*$!
{
	archiveVersion = 1;
	classes = {
	};
	objectVersion = 55;
	objects = {

/* Begin PBXBuildFile section */
		0886C58CF2B5877BDFCEADCC /* AuthenticationView.swift in Sources */ = {isa = PBXBuildFile; fileRef = 627CEBE9C233C2EA2C3F90A0 /* AuthenticationView.swift */; };
		12DAA8BDAA2CA62E9365D2C6 /* web3swift.framework in Embed Frameworks */ = {isa = PBXBuildFile; fileRef = 9B1CA312315B74BF7314AB72 /* web3swift.framework */; settings = {ATTRIBUTES = (CodeSignOnCopy, RemoveHeadersOnCopy, ); }; };
		133DEDBFF23D8F0B43CF16E7 /* KeychainAccess.framework in Embed Frameworks */ = {isa = PBXBuildFile; fileRef = 15504507B091C791D1BAC738 /* KeychainAccess.framework */; settings = {ATTRIBUTES = (CodeSignOnCopy, RemoveHeadersOnCopy, ); }; };
		2127F074C0912E7D091C7748 /* WalletInteractor.swift in Sources */ = {isa = PBXBuildFile; fileRef = 5398358FC1E7956168808D8C /* WalletInteractor.swift */; };
		384E90CEED525A74184EE3A2 /* AuthenticationInteractor.swift in Sources */ = {isa = PBXBuildFile; fileRef = 954E85B2194B8829C8147493 /* AuthenticationInteractor.swift */; };
		54854485A53CEA0D0E9EA2E2 /* WalletView.swift in Sources */ = {isa = PBXBuildFile; fileRef = 024D538FD2C98AF923990E11 /* WalletView.swift */; };
		57E35177D1A6B9815B5287CC /* WalletWorker.swift in Sources */ = {isa = PBXBuildFile; fileRef = 053DCCEAA0A0CA27BD3E16B4 /* WalletWorker.swift */; };
		60D544068065154635802D42 /* WalletKit.framework in Frameworks */ = {isa = PBXBuildFile; fileRef = F073A35438917363515C0230 /* WalletKit.framework */; };
		632D79CD532A8893AB987415 /* DesignSystem.framework in Embed Frameworks */ = {isa = PBXBuildFile; fileRef = E377B63C0CCF9727AC352B0B /* DesignSystem.framework */; settings = {ATTRIBUTES = (CodeSignOnCopy, RemoveHeadersOnCopy, ); }; };
		63523C8A1BD1C044EDF090B1 /* CryptoSwift.framework in Embed Frameworks */ = {isa = PBXBuildFile; fileRef = 70A8373D64F9453B5659D397 /* CryptoSwift.framework */; settings = {ATTRIBUTES = (CodeSignOnCopy, RemoveHeadersOnCopy, ); }; };
		656C221F0C9A6763778B12B3 /* MainTabView.swift in Sources */ = {isa = PBXBuildFile; fileRef = AF78D26CC3BE87A8C42DDAC9 /* MainTabView.swift */; };
		7E6A51F51A6B195DC49E7AE1 /* AuthenticationModels.swift in Sources */ = {isa = PBXBuildFile; fileRef = 4B9909CE07CDC0A03D1BD360 /* AuthenticationModels.swift */; };
		81F0F956E22D3325E49D3D05 /* AppCoordinator.swift in Sources */ = {isa = PBXBuildFile; fileRef = EF97C937ACAD2B11E3BDF8CC /* AppCoordinator.swift */; };
		82436049E9BFA87DE607D808 /* Core.framework in Embed Frameworks */ = {isa = PBXBuildFile; fileRef = 15E6AB2C1CBAAD50C594FA50 /* Core.framework */; settings = {ATTRIBUTES = (CodeSignOnCopy, RemoveHeadersOnCopy, ); }; };
		8F77DFCD1410EDCAC708BCC8 /* SplashView.swift in Sources */ = {isa = PBXBuildFile; fileRef = 1A91F36FEAA070F7CFA76ADB /* SplashView.swift */; };
		8F7BFFCA45F87B24DB0A9725 /* Core.framework in Frameworks */ = {isa = PBXBuildFile; fileRef = 15E6AB2C1CBAAD50C594FA50 /* Core.framework */; };
		8FE95AF74F8CC2C27CFAB280 /* secp256k1.framework in Embed Frameworks */ = {isa = PBXBuildFile; fileRef = 0E6E3B427E75D73910EC98CB /* secp256k1.framework */; settings = {ATTRIBUTES = (CodeSignOnCopy, RemoveHeadersOnCopy, ); }; };
		A09C8DD958E1C415A730CFCC /* SecurityKit.framework in Embed Frameworks */ = {isa = PBXBuildFile; fileRef = 8B11FC5797305C750422D694 /* SecurityKit.framework */; settings = {ATTRIBUTES = (CodeSignOnCopy, RemoveHeadersOnCopy, ); }; };
		A7B565DAC2A28BD0F67894B1 /* WalletPresenter.swift in Sources */ = {isa = PBXBuildFile; fileRef = D49A2A5FB4B3DB4F2305FA38 /* WalletPresenter.swift */; };
		AB55D1A4BB8CD920C382A9B7 /* WalletKit.framework in Embed Frameworks */ = {isa = PBXBuildFile; fileRef = F073A35438917363515C0230 /* WalletKit.framework */; settings = {ATTRIBUTES = (CodeSignOnCopy, RemoveHeadersOnCopy, ); }; };
		B07D1DAF97B70C304867EC1D /* SecurityKit.framework in Frameworks */ = {isa = PBXBuildFile; fileRef = 8B11FC5797305C750422D694 /* SecurityKit.framework */; };
		B101283D2D043BFF728EB660 /* DesignSystem.framework in Frameworks */ = {isa = PBXBuildFile; fileRef = E377B63C0CCF9727AC352B0B /* DesignSystem.framework */; };
		B4636946853322CFD085FAA5 /* AuthenticationWorker.swift in Sources */ = {isa = PBXBuildFile; fileRef = 61E0B48A8AB8FB7D96209B6F /* AuthenticationWorker.swift */; };
		B7A0702705468E3B2CA21440 /* SwiftUIIntrospect.framework in Embed Frameworks */ = {isa = PBXBuildFile; fileRef = 286871BF8F746751C0335CAE /* SwiftUIIntrospect.framework */; settings = {ATTRIBUTES = (CodeSignOnCopy, RemoveHeadersOnCopy, ); }; };
		B8CE825707F3A9526A5E182D /* AuthenticationPresenter.swift in Sources */ = {isa = PBXBuildFile; fileRef = DB625BFF8891C1B84A8CD5CE /* AuthenticationPresenter.swift */; };
		BCDE755B5770CB97757E0FDE /* WalletModels.swift in Sources */ = {isa = PBXBuildFile; fileRef = 00901D58D358CBE9A0B69E14 /* WalletModels.swift */; };
		C24B1D815E9D2505727E24E8 /* BigInt.framework in Embed Frameworks */ = {isa = PBXBuildFile; fileRef = 23056F31B45FD6BFDC33218E /* BigInt.framework */; settings = {ATTRIBUTES = (CodeSignOnCopy, RemoveHeadersOnCopy, ); }; };
		F25F50A286D014630723BC97 /* KingtherumApp.swift in Sources */ = {isa = PBXBuildFile; fileRef = E920860F223840A83C300ED0 /* KingtherumApp.swift */; };
		FEED64794C277CB9B72AFB60 /* SwiftUIIntrospect.framework in Frameworks */ = {isa = PBXBuildFile; fileRef = 286871BF8F746751C0335CAE /* SwiftUIIntrospect.framework */; };
/* End PBXBuildFile section */

/* Begin PBXCopyFilesBuildPhase section */
		6E65C106A6B0BA3FFC72C9D4 /* Embed Frameworks */ = {
			isa = PBXCopyFilesBuildPhase;
			buildActionMask = 2147483647;
			dstPath = "";
			dstSubfolderSpec = 10;
			files = (
				C24B1D815E9D2505727E24E8 /* BigInt.framework in Embed Frameworks */,
				82436049E9BFA87DE607D808 /* Core.framework in Embed Frameworks */,
				63523C8A1BD1C044EDF090B1 /* CryptoSwift.framework in Embed Frameworks */,
				632D79CD532A8893AB987415 /* DesignSystem.framework in Embed Frameworks */,
				133DEDBFF23D8F0B43CF16E7 /* KeychainAccess.framework in Embed Frameworks */,
				A09C8DD958E1C415A730CFCC /* SecurityKit.framework in Embed Frameworks */,
				B7A0702705468E3B2CA21440 /* SwiftUIIntrospect.framework in Embed Frameworks */,
				AB55D1A4BB8CD920C382A9B7 /* WalletKit.framework in Embed Frameworks */,
				8FE95AF74F8CC2C27CFAB280 /* secp256k1.framework in Embed Frameworks */,
				12DAA8BDAA2CA62E9365D2C6 /* web3swift.framework in Embed Frameworks */,
			);
			name = "Embed Frameworks";
			runOnlyForDeploymentPostprocessing = 0;
		};
/* End PBXCopyFilesBuildPhase section */

/* Begin PBXFileReference section */
		00901D58D358CBE9A0B69E14 /* WalletModels.swift */ = {isa = PBXFileReference; lastKnownFileType = sourcecode.swift; path = WalletModels.swift; sourceTree = "<group>"; };
		024D538FD2C98AF923990E11 /* WalletView.swift */ = {isa = PBXFileReference; lastKnownFileType = sourcecode.swift; path = WalletView.swift; sourceTree = "<group>"; };
		053DCCEAA0A0CA27BD3E16B4 /* WalletWorker.swift */ = {isa = PBXFileReference; lastKnownFileType = sourcecode.swift; path = WalletWorker.swift; sourceTree = "<group>"; };
		0E6E3B427E75D73910EC98CB /* secp256k1.framework */ = {isa = PBXFileReference; explicitFileType = wrapper.framework; includeInIndex = 0; path = secp256k1.framework; sourceTree = BUILT_PRODUCTS_DIR; };
		15504507B091C791D1BAC738 /* KeychainAccess.framework */ = {isa = PBXFileReference; explicitFileType = wrapper.framework; includeInIndex = 0; path = KeychainAccess.framework; sourceTree = BUILT_PRODUCTS_DIR; };
		15E6AB2C1CBAAD50C594FA50 /* Core.framework */ = {isa = PBXFileReference; explicitFileType = wrapper.framework; includeInIndex = 0; path = Core.framework; sourceTree = BUILT_PRODUCTS_DIR; };
		1A91F36FEAA070F7CFA76ADB /* SplashView.swift */ = {isa = PBXFileReference; lastKnownFileType = sourcecode.swift; path = SplashView.swift; sourceTree = "<group>"; };
		23056F31B45FD6BFDC33218E /* BigInt.framework */ = {isa = PBXFileReference; explicitFileType = wrapper.framework; includeInIndex = 0; path = BigInt.framework; sourceTree = BUILT_PRODUCTS_DIR; };
		286871BF8F746751C0335CAE /* SwiftUIIntrospect.framework */ = {isa = PBXFileReference; explicitFileType = wrapper.framework; includeInIndex = 0; path = SwiftUIIntrospect.framework; sourceTree = BUILT_PRODUCTS_DIR; };
		4B9909CE07CDC0A03D1BD360 /* AuthenticationModels.swift */ = {isa = PBXFileReference; lastKnownFileType = sourcecode.swift; path = AuthenticationModels.swift; sourceTree = "<group>"; };
		5398358FC1E7956168808D8C /* WalletInteractor.swift */ = {isa = PBXFileReference; lastKnownFileType = sourcecode.swift; path = WalletInteractor.swift; sourceTree = "<group>"; };
		61E0B48A8AB8FB7D96209B6F /* AuthenticationWorker.swift */ = {isa = PBXFileReference; lastKnownFileType = sourcecode.swift; path = AuthenticationWorker.swift; sourceTree = "<group>"; };
		627CEBE9C233C2EA2C3F90A0 /* AuthenticationView.swift */ = {isa = PBXFileReference; lastKnownFileType = sourcecode.swift; path = AuthenticationView.swift; sourceTree = "<group>"; };
		688414224BF7B43328F87CC0 /* Kingtherum.app */ = {isa = PBXFileReference; explicitFileType = wrapper.application; includeInIndex = 0; path = Kingtherum.app; sourceTree = BUILT_PRODUCTS_DIR; };
		70A8373D64F9453B5659D397 /* CryptoSwift.framework */ = {isa = PBXFileReference; explicitFileType = wrapper.framework; includeInIndex = 0; path = CryptoSwift.framework; sourceTree = BUILT_PRODUCTS_DIR; };
		8B11FC5797305C750422D694 /* SecurityKit.framework */ = {isa = PBXFileReference; explicitFileType = wrapper.framework; includeInIndex = 0; path = SecurityKit.framework; sourceTree = BUILT_PRODUCTS_DIR; };
		954E85B2194B8829C8147493 /* AuthenticationInteractor.swift */ = {isa = PBXFileReference; lastKnownFileType = sourcecode.swift; path = AuthenticationInteractor.swift; sourceTree = "<group>"; };
		9B1CA312315B74BF7314AB72 /* web3swift.framework */ = {isa = PBXFileReference; explicitFileType = wrapper.framework; includeInIndex = 0; path = web3swift.framework; sourceTree = BUILT_PRODUCTS_DIR; };
		AF78D26CC3BE87A8C42DDAC9 /* MainTabView.swift */ = {isa = PBXFileReference; lastKnownFileType = sourcecode.swift; path = MainTabView.swift; sourceTree = "<group>"; };
		D07723894D7561107C8AECE7 /* Kingtherum-Info.plist */ = {isa = PBXFileReference; lastKnownFileType = text.plist; path = "Kingtherum-Info.plist"; sourceTree = "<group>"; };
		D49A2A5FB4B3DB4F2305FA38 /* WalletPresenter.swift */ = {isa = PBXFileReference; lastKnownFileType = sourcecode.swift; path = WalletPresenter.swift; sourceTree = "<group>"; };
		DB625BFF8891C1B84A8CD5CE /* AuthenticationPresenter.swift */ = {isa = PBXFileReference; lastKnownFileType = sourcecode.swift; path = AuthenticationPresenter.swift; sourceTree = "<group>"; };
		E377B63C0CCF9727AC352B0B /* DesignSystem.framework */ = {isa = PBXFileReference; explicitFileType = wrapper.framework; includeInIndex = 0; path = DesignSystem.framework; sourceTree = BUILT_PRODUCTS_DIR; };
		E920860F223840A83C300ED0 /* KingtherumApp.swift */ = {isa = PBXFileReference; lastKnownFileType = sourcecode.swift; path = KingtherumApp.swift; sourceTree = "<group>"; };
		EF97C937ACAD2B11E3BDF8CC /* AppCoordinator.swift */ = {isa = PBXFileReference; lastKnownFileType = sourcecode.swift; path = AppCoordinator.swift; sourceTree = "<group>"; };
		F073A35438917363515C0230 /* WalletKit.framework */ = {isa = PBXFileReference; explicitFileType = wrapper.framework; includeInIndex = 0; path = WalletKit.framework; sourceTree = BUILT_PRODUCTS_DIR; };
/* End PBXFileReference section */

/* Begin PBXFrameworksBuildPhase section */
		5415563F2DED6CAB25961DA6 /* Frameworks */ = {
			isa = PBXFrameworksBuildPhase;
			buildActionMask = 2147483647;
			files = (
				8F7BFFCA45F87B24DB0A9725 /* Core.framework in Frameworks */,
				B101283D2D043BFF728EB660 /* DesignSystem.framework in Frameworks */,
				B07D1DAF97B70C304867EC1D /* SecurityKit.framework in Frameworks */,
				FEED64794C277CB9B72AFB60 /* SwiftUIIntrospect.framework in Frameworks */,
				60D544068065154635802D42 /* WalletKit.framework in Frameworks */,
			);
			runOnlyForDeploymentPostprocessing = 0;
		};
/* End PBXFrameworksBuildPhase section */

/* Begin PBXGroup section */
		3025FAE5E7A36DF308DF9CCF /* Wallet */ = {
			isa = PBXGroup;
			children = (
				5398358FC1E7956168808D8C /* WalletInteractor.swift */,
				00901D58D358CBE9A0B69E14 /* WalletModels.swift */,
				D49A2A5FB4B3DB4F2305FA38 /* WalletPresenter.swift */,
				024D538FD2C98AF923990E11 /* WalletView.swift */,
				053DCCEAA0A0CA27BD3E16B4 /* WalletWorker.swift */,
			);
			path = Wallet;
			sourceTree = "<group>";
		};
		4716D07A4F56133356268C68 /* Splash */ = {
			isa = PBXGroup;
			children = (
				1A91F36FEAA070F7CFA76ADB /* SplashView.swift */,
			);
			path = Splash;
			sourceTree = "<group>";
		};
		68D32F92128F76FFE5452545 /* Main */ = {
			isa = PBXGroup;
			children = (
				AF78D26CC3BE87A8C42DDAC9 /* MainTabView.swift */,
			);
			path = Main;
			sourceTree = "<group>";
		};
		8F4926B2D1E8483ACA068C15 /* InfoPlists */ = {
			isa = PBXGroup;
			children = (
				D07723894D7561107C8AECE7 /* Kingtherum-Info.plist */,
			);
			path = InfoPlists;
			sourceTree = "<group>";
		};
		9976173891B65E0D0215B7E5 /* Project */ = {
			isa = PBXGroup;
			children = (
				C4E535D2AAC4E08A8A80A0E2 /* Derived */,
				DE7DEDB169416212357DDD7A /* Sources */,
			);
			name = Project;
			sourceTree = "<group>";
		};
		A2782E927926C9F5B1A4D0B5 = {
			isa = PBXGroup;
			children = (
				9976173891B65E0D0215B7E5 /* Project */,
				DC1A4EA1E652FF6411A3A48F /* Products */,
			);
			sourceTree = "<group>";
		};
		C4E535D2AAC4E08A8A80A0E2 /* Derived */ = {
			isa = PBXGroup;
			children = (
				8F4926B2D1E8483ACA068C15 /* InfoPlists */,
			);
			path = Derived;
			sourceTree = "<group>";
		};
		CC7F18FEC08AEC8289AF6B31 /* Scenes */ = {
			isa = PBXGroup;
			children = (
				DD8B592B00B0A4572DAC9E80 /* Authentication */,
				68D32F92128F76FFE5452545 /* Main */,
				4716D07A4F56133356268C68 /* Splash */,
				3025FAE5E7A36DF308DF9CCF /* Wallet */,
			);
			path = Scenes;
			sourceTree = "<group>";
		};
		DC1A4EA1E652FF6411A3A48F /* Products */ = {
			isa = PBXGroup;
			children = (
				23056F31B45FD6BFDC33218E /* BigInt.framework */,
				15E6AB2C1CBAAD50C594FA50 /* Core.framework */,
				70A8373D64F9453B5659D397 /* CryptoSwift.framework */,
				E377B63C0CCF9727AC352B0B /* DesignSystem.framework */,
				15504507B091C791D1BAC738 /* KeychainAccess.framework */,
				688414224BF7B43328F87CC0 /* Kingtherum.app */,
				0E6E3B427E75D73910EC98CB /* secp256k1.framework */,
				8B11FC5797305C750422D694 /* SecurityKit.framework */,
				286871BF8F746751C0335CAE /* SwiftUIIntrospect.framework */,
				F073A35438917363515C0230 /* WalletKit.framework */,
				9B1CA312315B74BF7314AB72 /* web3swift.framework */,
			);
			name = Products;
			sourceTree = "<group>";
		};
		DD8B592B00B0A4572DAC9E80 /* Authentication */ = {
			isa = PBXGroup;
			children = (
				954E85B2194B8829C8147493 /* AuthenticationInteractor.swift */,
				4B9909CE07CDC0A03D1BD360 /* AuthenticationModels.swift */,
				DB625BFF8891C1B84A8CD5CE /* AuthenticationPresenter.swift */,
				627CEBE9C233C2EA2C3F90A0 /* AuthenticationView.swift */,
				61E0B48A8AB8FB7D96209B6F /* AuthenticationWorker.swift */,
			);
			path = Authentication;
			sourceTree = "<group>";
		};
		DE7DEDB169416212357DDD7A /* Sources */ = {
			isa = PBXGroup;
			children = (
				CC7F18FEC08AEC8289AF6B31 /* Scenes */,
				EF97C937ACAD2B11E3BDF8CC /* AppCoordinator.swift */,
				E920860F223840A83C300ED0 /* KingtherumApp.swift */,
			);
			path = Sources;
			sourceTree = "<group>";
		};
/* End PBXGroup section */

/* Begin PBXNativeTarget section */
		DA14C5D0DC3A9DAA28DCFE17 /* Kingtherum */ = {
			isa = PBXNativeTarget;
			buildConfigurationList = 5F9C4E6E57156247ED433505 /* Build configuration list for PBXNativeTarget "Kingtherum" */;
			buildPhases = (
				F5C8C179382E604EEBA8B4FF /* Sources */,
				A07136D97617071C46794932 /* Resources */,
				5415563F2DED6CAB25961DA6 /* Frameworks */,
				6E65C106A6B0BA3FFC72C9D4 /* Embed Frameworks */,
			);
			buildRules = (
			);
			dependencies = (
			);
			name = Kingtherum;
			packageProductDependencies = (
			);
			productName = Kingtherum;
			productReference = 688414224BF7B43328F87CC0 /* Kingtherum.app */;
			productType = "com.apple.product-type.application";
		};
/* End PBXNativeTarget section */

/* Begin PBXProject section */
		61AAC8055D4A4E0F9C17832C /* Project object */ = {
			isa = PBXProject;
			attributes = {
				BuildIndependentTargetsInParallel = YES;
				ORGANIZATIONNAME = com.kingtherum;
			};
			buildConfigurationList = 11D26DB5FBD612908B403F34 /* Build configuration list for PBXProject "Kingtherum" */;
			compatibilityVersion = "Xcode 14.0";
			developmentRegion = ko;
			hasScannedForEncodings = 0;
			knownRegions = (
				ko,
			);
			mainGroup = A2782E927926C9F5B1A4D0B5;
			productRefGroup = DC1A4EA1E652FF6411A3A48F /* Products */;
			projectDirPath = "";
			projectRoot = "";
			targets = (
				DA14C5D0DC3A9DAA28DCFE17 /* Kingtherum */,
			);
		};
/* End PBXProject section */

/* Begin PBXResourcesBuildPhase section */
		A07136D97617071C46794932 /* Resources */ = {
			isa = PBXResourcesBuildPhase;
			buildActionMask = 2147483647;
			files = (
			);
			runOnlyForDeploymentPostprocessing = 0;
		};
/* End PBXResourcesBuildPhase section */

/* Begin PBXSourcesBuildPhase section */
		F5C8C179382E604EEBA8B4FF /* Sources */ = {
			isa = PBXSourcesBuildPhase;
			buildActionMask = 2147483647;
			files = (
				81F0F956E22D3325E49D3D05 /* AppCoordinator.swift in Sources */,
				F25F50A286D014630723BC97 /* KingtherumApp.swift in Sources */,
				384E90CEED525A74184EE3A2 /* AuthenticationInteractor.swift in Sources */,
				7E6A51F51A6B195DC49E7AE1 /* AuthenticationModels.swift in Sources */,
				B8CE825707F3A9526A5E182D /* AuthenticationPresenter.swift in Sources */,
				0886C58CF2B5877BDFCEADCC /* AuthenticationView.swift in Sources */,
				B4636946853322CFD085FAA5 /* AuthenticationWorker.swift in Sources */,
				656C221F0C9A6763778B12B3 /* MainTabView.swift in Sources */,
				8F77DFCD1410EDCAC708BCC8 /* SplashView.swift in Sources */,
				2127F074C0912E7D091C7748 /* WalletInteractor.swift in Sources */,
				BCDE755B5770CB97757E0FDE /* WalletModels.swift in Sources */,
				A7B565DAC2A28BD0F67894B1 /* WalletPresenter.swift in Sources */,
				54854485A53CEA0D0E9EA2E2 /* WalletView.swift in Sources */,
				57E35177D1A6B9815B5287CC /* WalletWorker.swift in Sources */,
			);
			runOnlyForDeploymentPostprocessing = 0;
		};
/* End PBXSourcesBuildPhase section */

/* Begin XCBuildConfiguration section */
		0951920FCF05BC7AB1D9450C /* Release */ = {
			isa = XCBuildConfiguration;
			buildSettings = {
				ASSETCATALOG_COMPILER_APPICON_NAME = AppIcon;
				CLANG_ENABLE_OBJC_ARC = YES;
				CLANG_WARN_OBJC_ROOT_CLASS = YES_ERROR;
				CODE_SIGN_STYLE = Automatic;
				CURRENT_PROJECT_VERSION = 1;
				DEAD_CODE_STRIPPING = YES;
				DEFINES_MODULE = YES;
				DEVELOPMENT_TEAM = RFHV927M8S;
				ENABLE_PREVIEWS = YES;
				ENABLE_STRICT_OBJC_MSGSEND = YES;
				ENABLE_TESTING_SEARCH_PATHS = YES;
				GCC_C_LANGUAGE_STANDARD = gnu11;
				GCC_OPTIMIZATION_LEVEL = s;
				GCC_TREAT_WARNINGS_AS_ERRORS = YES;
				GCC_WARN_UNUSED_VARIABLE = YES;
				HEADER_SEARCH_PATHS = (
					"$(inherited)",
					"$(SRCROOT)/../../Tuist/.build/checkouts/secp256k1.swift/Sources/secp256k1_bindings/include",
				);
				INFOPLIST_FILE = "Derived/InfoPlists/Kingtherum-Info.plist";
				IPHONEOS_DEPLOYMENT_TARGET = 18.0;
				LD_RUNPATH_SEARCH_PATHS = (
					"$(inherited)",
					"@executable_path/Frameworks",
				);
				"LD_RUNPATH_SEARCH_PATHS[sdk=macosx*]" = (
					"$(inherited)",
					"@executable_path/../Frameworks",
				);
				MACOSX_DEPLOYMENT_TARGET = 14.0;
				MARKETING_VERSION = 1.0.0;
				OTHER_CFLAGS = (
					"$(inherited)",
					"-fmodule-map-file=$(SRCROOT)/../../Tuist/.build/tuist-derived/secp256k1_bindings/secp256k1_bindings.modulemap",
				);
				OTHER_LDFLAGS = "-ObjC";
				OTHER_SWIFT_FLAGS = (
					"$(inherited)",
					"-Xcc",
					"-fmodule-map-file=$(SRCROOT)/../../Tuist/.build/tuist-derived/secp256k1_bindings/secp256k1_bindings.modulemap",
				);
				PRODUCT_BUNDLE_IDENTIFIER = com.kingtherum;
				PRODUCT_NAME = Kingtherum;
				SDKROOT = auto;
				SUPPORTED_PLATFORMS = "iphoneos iphonesimulator macosx";
				SUPPORTS_MACCATALYST = NO;
				SUPPORTS_MAC_DESIGNED_FOR_IPHONE_IPAD = NO;
				SUPPORTS_XR_DESIGNED_FOR_IPHONE_IPAD = NO;
				SWIFT_COMPILATION_MODE = wholemodule;
				SWIFT_EMIT_LOC_STRINGS = YES;
				SWIFT_OPTIMIZATION_LEVEL = "-O";
				SWIFT_STRICT_CONCURRENCY = complete;
				SWIFT_TREAT_WARNINGS_AS_ERRORS = YES;
				SWIFT_VERSION = 6;
				TARGETED_DEVICE_FAMILY = "1,2";
			};
			name = Release;
		};
		1B726168BBCA23F230A13ED7 /* Debug */ = {
			isa = XCBuildConfiguration;
			buildSettings = {
				ASSETCATALOG_COMPILER_APPICON_NAME = AppIcon;
				CLANG_ENABLE_OBJC_ARC = YES;
				CLANG_WARN_OBJC_ROOT_CLASS = YES_ERROR;
				CODE_SIGN_STYLE = Automatic;
				CURRENT_PROJECT_VERSION = 1;
				DEAD_CODE_STRIPPING = YES;
				DEFINES_MODULE = YES;
				DEVELOPMENT_TEAM = RFHV927M8S;
				ENABLE_PREVIEWS = YES;
				ENABLE_STRICT_OBJC_MSGSEND = YES;
				ENABLE_TESTING_SEARCH_PATHS = YES;
				GCC_C_LANGUAGE_STANDARD = gnu11;
				GCC_TREAT_WARNINGS_AS_ERRORS = YES;
				GCC_WARN_UNUSED_VARIABLE = YES;
				HEADER_SEARCH_PATHS = (
					"$(inherited)",
					"$(SRCROOT)/../../Tuist/.build/checkouts/secp256k1.swift/Sources/secp256k1_bindings/include",
				);
				INFOPLIST_FILE = "Derived/InfoPlists/Kingtherum-Info.plist";
				IPHONEOS_DEPLOYMENT_TARGET = 18.0;
				LD_RUNPATH_SEARCH_PATHS = (
					"$(inherited)",
					"@executable_path/Frameworks",
				);
				"LD_RUNPATH_SEARCH_PATHS[sdk=macosx*]" = (
					"$(inherited)",
					"@executable_path/../Frameworks",
				);
				MACOSX_DEPLOYMENT_TARGET = 14.0;
				MARKETING_VERSION = 1.0.0;
				OTHER_CFLAGS = (
					"$(inherited)",
					"-fmodule-map-file=$(SRCROOT)/../../Tuist/.build/tuist-derived/secp256k1_bindings/secp256k1_bindings.modulemap",
				);
				OTHER_LDFLAGS = "-ObjC";
				OTHER_SWIFT_FLAGS = (
					"$(inherited)",
					"-Xcc",
					"-fmodule-map-file=$(SRCROOT)/../../Tuist/.build/tuist-derived/secp256k1_bindings/secp256k1_bindings.modulemap",
				);
				PRODUCT_BUNDLE_IDENTIFIER = com.kingtherum;
				PRODUCT_NAME = Kingtherum;
				SDKROOT = auto;
				SUPPORTED_PLATFORMS = "iphoneos iphonesimulator macosx";
				SUPPORTS_MACCATALYST = NO;
				SUPPORTS_MAC_DESIGNED_FOR_IPHONE_IPAD = NO;
				SUPPORTS_XR_DESIGNED_FOR_IPHONE_IPAD = NO;
				SWIFT_ACTIVE_COMPILATION_CONDITIONS = (
					"$(inherited)",
					DEBUG,
				);
				SWIFT_COMPILATION_MODE = singlefile;
				SWIFT_EMIT_LOC_STRINGS = YES;
				SWIFT_OPTIMIZATION_LEVEL = "-Onone";
				SWIFT_STRICT_CONCURRENCY = complete;
				SWIFT_TREAT_WARNINGS_AS_ERRORS = YES;
				SWIFT_VERSION = 6;
				TARGETED_DEVICE_FAMILY = "1,2";
			};
			name = Debug;
		};
		9D0B6DD1C3BC9ACBFA6DC5A3 /* Release */ = {
			isa = XCBuildConfiguration;
			buildSettings = {
				ALWAYS_SEARCH_USER_PATHS = NO;
				CLANG_ANALYZER_LOCALIZABILITY_NONLOCALIZED = YES;
				CLANG_ANALYZER_NONNULL = YES;
				CLANG_ANALYZER_NUMBER_OBJECT_CONVERSION = YES_AGGRESSIVE;
				CLANG_CXX_LANGUAGE_STANDARD = "gnu++14";
				CLANG_CXX_LIBRARY = "libc++";
				CLANG_ENABLE_MODULES = YES;
				CLANG_ENABLE_OBJC_ARC = YES;
				CLANG_ENABLE_OBJC_WEAK = YES;
				CLANG_WARN_BLOCK_CAPTURE_AUTORELEASING = YES;
				CLANG_WARN_BOOL_CONVERSION = YES;
				CLANG_WARN_COMMA = YES;
				CLANG_WARN_CONSTANT_CONVERSION = YES;
				CLANG_WARN_DEPRECATED_OBJC_IMPLEMENTATIONS = YES;
				CLANG_WARN_DIRECT_OBJC_ISA_USAGE = YES_ERROR;
				CLANG_WARN_DOCUMENTATION_COMMENTS = YES;
				CLANG_WARN_EMPTY_BODY = YES;
				CLANG_WARN_ENUM_CONVERSION = YES;
				CLANG_WARN_INFINITE_RECURSION = YES;
				CLANG_WARN_INT_CONVERSION = YES;
				CLANG_WARN_NON_LITERAL_NULL_CONVERSION = YES;
				CLANG_WARN_OBJC_IMPLICIT_RETAIN_SELF = YES;
				CLANG_WARN_OBJC_LITERAL_CONVERSION = YES;
				CLANG_WARN_OBJC_ROOT_CLASS = YES_ERROR;
				CLANG_WARN_QUOTED_INCLUDE_IN_FRAMEWORK_HEADER = YES;
				CLANG_WARN_RANGE_LOOP_ANALYSIS = YES;
				CLANG_WARN_STRICT_PROTOTYPES = YES;
				CLANG_WARN_SUSPICIOUS_MOVE = YES;
				CLANG_WARN_UNGUARDED_AVAILABILITY = YES_AGGRESSIVE;
				CLANG_WARN_UNREACHABLE_CODE = YES;
				CLANG_WARN__DUPLICATE_METHOD_MATCH = YES;
				CODE_SIGN_STYLE = Automatic;
				COPY_PHASE_STRIP = NO;
				CURRENT_PROJECT_VERSION = 1;
				DEAD_CODE_STRIPPING = YES;
				DEBUG_INFORMATION_FORMAT = "dwarf-with-dsym";
				DEFINES_MODULE = YES;
				DEVELOPMENT_TEAM = RFHV927M8S;
				ENABLE_NS_ASSERTIONS = NO;
				ENABLE_STRICT_OBJC_MSGSEND = YES;
				GCC_C_LANGUAGE_STANDARD = gnu11;
				GCC_NO_COMMON_BLOCKS = YES;
				GCC_OPTIMIZATION_LEVEL = s;
				GCC_TREAT_WARNINGS_AS_ERRORS = YES;
				GCC_WARN_64_TO_32_BIT_CONVERSION = YES;
				GCC_WARN_ABOUT_RETURN_TYPE = YES_ERROR;
				GCC_WARN_UNDECLARED_SELECTOR = YES;
				GCC_WARN_UNINITIALIZED_AUTOS = YES_AGGRESSIVE;
				GCC_WARN_UNUSED_FUNCTION = YES;
				GCC_WARN_UNUSED_VARIABLE = YES;
				IPHONEOS_DEPLOYMENT_TARGET = 18.0;
				MACOSX_DEPLOYMENT_TARGET = 14.0;
				MARKETING_VERSION = 1.0.0;
				MTL_ENABLE_DEBUG_INFO = NO;
				OTHER_LDFLAGS = "-ObjC";
				PRODUCT_NAME = "$(TARGET_NAME)";
				SWIFT_COMPILATION_MODE = wholemodule;
				SWIFT_OPTIMIZATION_LEVEL = "-O";
				SWIFT_STRICT_CONCURRENCY = complete;
				SWIFT_TREAT_WARNINGS_AS_ERRORS = YES;
				SWIFT_VERSION = 6;
				VALIDATE_PRODUCT = YES;
			};
			name = Release;
		};
		C8635FC49C6B2831BBE0C8B4 /* Debug */ = {
			isa = XCBuildConfiguration;
			buildSettings = {
				ALWAYS_SEARCH_USER_PATHS = NO;
				CLANG_ANALYZER_LOCALIZABILITY_NONLOCALIZED = YES;
				CLANG_ANALYZER_NONNULL = YES;
				CLANG_ANALYZER_NUMBER_OBJECT_CONVERSION = YES_AGGRESSIVE;
				CLANG_CXX_LANGUAGE_STANDARD = "gnu++14";
				CLANG_CXX_LIBRARY = "libc++";
				CLANG_ENABLE_MODULES = YES;
				CLANG_ENABLE_OBJC_ARC = YES;
				CLANG_ENABLE_OBJC_WEAK = YES;
				CLANG_WARN_BLOCK_CAPTURE_AUTORELEASING = YES;
				CLANG_WARN_BOOL_CONVERSION = YES;
				CLANG_WARN_COMMA = YES;
				CLANG_WARN_CONSTANT_CONVERSION = YES;
				CLANG_WARN_DEPRECATED_OBJC_IMPLEMENTATIONS = YES;
				CLANG_WARN_DIRECT_OBJC_ISA_USAGE = YES_ERROR;
				CLANG_WARN_DOCUMENTATION_COMMENTS = YES;
				CLANG_WARN_EMPTY_BODY = YES;
				CLANG_WARN_ENUM_CONVERSION = YES;
				CLANG_WARN_INFINITE_RECURSION = YES;
				CLANG_WARN_INT_CONVERSION = YES;
				CLANG_WARN_NON_LITERAL_NULL_CONVERSION = YES;
				CLANG_WARN_OBJC_IMPLICIT_RETAIN_SELF = YES;
				CLANG_WARN_OBJC_LITERAL_CONVERSION = YES;
				CLANG_WARN_OBJC_ROOT_CLASS = YES_ERROR;
				CLANG_WARN_QUOTED_INCLUDE_IN_FRAMEWORK_HEADER = YES;
				CLANG_WARN_RANGE_LOOP_ANALYSIS = YES;
				CLANG_WARN_STRICT_PROTOTYPES = YES;
				CLANG_WARN_SUSPICIOUS_MOVE = YES;
				CLANG_WARN_UNGUARDED_AVAILABILITY = YES_AGGRESSIVE;
				CLANG_WARN_UNREACHABLE_CODE = YES;
				CLANG_WARN__DUPLICATE_METHOD_MATCH = YES;
				CODE_SIGN_STYLE = Automatic;
				COPY_PHASE_STRIP = NO;
				CURRENT_PROJECT_VERSION = 1;
				DEAD_CODE_STRIPPING = YES;
				DEBUG_INFORMATION_FORMAT = dwarf;
				DEFINES_MODULE = YES;
				DEVELOPMENT_TEAM = RFHV927M8S;
				ENABLE_STRICT_OBJC_MSGSEND = YES;
				ENABLE_TESTABILITY = YES;
				GCC_C_LANGUAGE_STANDARD = gnu11;
				GCC_DYNAMIC_NO_PIC = NO;
				GCC_NO_COMMON_BLOCKS = YES;
				GCC_OPTIMIZATION_LEVEL = 0;
				GCC_PREPROCESSOR_DEFINITIONS = (
					"DEBUG=1",
					"$(inherited)",
				);
				GCC_TREAT_WARNINGS_AS_ERRORS = YES;
				GCC_WARN_64_TO_32_BIT_CONVERSION = YES;
				GCC_WARN_ABOUT_RETURN_TYPE = YES_ERROR;
				GCC_WARN_UNDECLARED_SELECTOR = YES;
				GCC_WARN_UNINITIALIZED_AUTOS = YES_AGGRESSIVE;
				GCC_WARN_UNUSED_FUNCTION = YES;
				GCC_WARN_UNUSED_VARIABLE = YES;
				IPHONEOS_DEPLOYMENT_TARGET = 18.0;
				MACOSX_DEPLOYMENT_TARGET = 14.0;
				MARKETING_VERSION = 1.0.0;
				MTL_ENABLE_DEBUG_INFO = YES;
				ONLY_ACTIVE_ARCH = YES;
				OTHER_LDFLAGS = "-ObjC";
				PRODUCT_NAME = "$(TARGET_NAME)";
				SWIFT_COMPILATION_MODE = singlefile;
				SWIFT_OPTIMIZATION_LEVEL = "-Onone";
				SWIFT_STRICT_CONCURRENCY = complete;
				SWIFT_TREAT_WARNINGS_AS_ERRORS = YES;
				SWIFT_VERSION = 6;
			};
			name = Debug;
		};
/* End XCBuildConfiguration section */

/* Begin XCConfigurationList section */
		11D26DB5FBD612908B403F34 /* Build configuration list for PBXProject "Kingtherum" */ = {
			isa = XCConfigurationList;
			buildConfigurations = (
				C8635FC49C6B2831BBE0C8B4 /* Debug */,
				9D0B6DD1C3BC9ACBFA6DC5A3 /* Release */,
			);
			defaultConfigurationIsVisible = 0;
			defaultConfigurationName = Release;
		};
		5F9C4E6E57156247ED433505 /* Build configuration list for PBXNativeTarget "Kingtherum" */ = {
			isa = XCConfigurationList;
			buildConfigurations = (
				1B726168BBCA23F230A13ED7 /* Debug */,
				0951920FCF05BC7AB1D9450C /* Release */,
			);
			defaultConfigurationIsVisible = 0;
			defaultConfigurationName = Release;
		};
/* End XCConfigurationList section */
	};
	rootObject = 61AAC8055D4A4E0F9C17832C /* Project object */;
}
