// !$*UTF8*$!
{
	archiveVersion = 1;
	classes = {
	};
	objectVersion = 55;
	objects = {

/* Begin PBXBuildFile section */
		00FC8460B12F4296108C5229 /* BigInt.framework in Embed Frameworks */ = {isa = PBXBuildFile; fileRef = A0199623B7922329A7312B82 /* BigInt.framework */; settings = {ATTRIBUTES = (CodeSignOnCopy, RemoveHeadersOnCopy, ); }; };
		0565944B092CE28919F06D48 /* MainTabView.swift in Sources */ = {isa = PBXBuildFile; fileRef = 6C23D53B6B040EDB22627B8F /* MainTabView.swift */; };
		0827DC505E66AA112B933766 /* DesignSystem.framework in Embed Frameworks */ = {isa = PBXBuildFile; fileRef = B2C63AB9494C456DCAAF7A41 /* DesignSystem.framework */; settings = {ATTRIBUTES = (CodeSignOnCopy, RemoveHeadersOnCopy, ); }; };
		1B93097B65582FD2A4DDB6D5 /* SecurityKit.framework in Frameworks */ = {isa = PBXBuildFile; fileRef = 630102B96BB829A6F18AEB54 /* SecurityKit.framework */; };
		1C575721420DCE7FCD74B466 /* SendWorkerTestExtensions.swift in Sources */ = {isa = PBXBuildFile; fileRef = 55D6DF06356A5B2ABB861166 /* SendWorkerTestExtensions.swift */; };
		1E2CF8FF20480EEB64571108 /* Web3swift_web3swift.bundle in Resources */ = {isa = PBXBuildFile; fileRef = 8A5C2C2A4DBD1219178A47B4 /* Web3swift_web3swift.bundle */; };
		210B35D5552F3A91B3A710FE /* Entity.framework in Embed Frameworks */ = {isa = PBXBuildFile; fileRef = EB1677A8211DF3DAAE514D29 /* Entity.framework */; settings = {ATTRIBUTES = (CodeSignOnCopy, RemoveHeadersOnCopy, ); }; };
		241EE4117ABBFE3DF939072B /* SplashView.swift in Sources */ = {isa = PBXBuildFile; fileRef = 50B35B75F78604A0937CA4B5 /* SplashView.swift */; };
		267B49DDD711CB46D58689B4 /* AuthenticationPresenter.swift in Sources */ = {isa = PBXBuildFile; fileRef = 70DCAEBA1980179290A2EB1C /* AuthenticationPresenter.swift */; };
		30B21D10F313F6B6862A7365 /* HistoryWorker.swift in Sources */ = {isa = PBXBuildFile; fileRef = 5231BDE764A4111E2144A2A4 /* HistoryWorker.swift */; };
		31838FE6657BFC59D69F574F /* SwiftTestingValidationTest.swift in Sources */ = {isa = PBXBuildFile; fileRef = 0B4CAFE9FD5BDE0EF0EB515A /* SwiftTestingValidationTest.swift */; };
		31F330554FC2B93E5012898A /* SendSuccessView.swift in Sources */ = {isa = PBXBuildFile; fileRef = 0739864836E5BD191CA895CE /* SendSuccessView.swift */; };
		3B3799E9D1EC3B6A0869E245 /* HistoryView.swift in Sources */ = {isa = PBXBuildFile; fileRef = 75B5130641D97758B93308E2 /* HistoryView.swift */; };
		3B99A6B2108D82E5AC5E728A /* AuthenticationWorker.swift in Sources */ = {isa = PBXBuildFile; fileRef = EE42C8C03428BE84393AD052 /* AuthenticationWorker.swift */; };
		3CA07D8B474DE3A80EA80D8A /* Core.framework in Embed Frameworks */ = {isa = PBXBuildFile; fileRef = 0625C2682DBA842056B1D6E1 /* Core.framework */; settings = {ATTRIBUTES = (CodeSignOnCopy, RemoveHeadersOnCopy, ); }; };
		3DC061F19B6C91893043D850 /* ReceiveWorker.swift in Sources */ = {isa = PBXBuildFile; fileRef = F67BCEB73B940AAB933456C4 /* ReceiveWorker.swift */; };
		3E1D26ABBB6DD360DAE4E458 /* AppTab.swift in Sources */ = {isa = PBXBuildFile; fileRef = A190F53D57B49D7715092C1A /* AppTab.swift */; };
		4BED966A53BAEDC1F1681493 /* AuthenticationInteractor.swift in Sources */ = {isa = PBXBuildFile; fileRef = 65AB990037019711AD537DAA /* AuthenticationInteractor.swift */; };
		4C19A02022C1BCF967DCB5EB /* ReceiveView.swift in Sources */ = {isa = PBXBuildFile; fileRef = 3B2F59BE9F8C805F329A4FFC /* ReceiveView.swift */; };
		4E0ECAC6FEE0D49D21D8ACA6 /* DisplayModeSelectorView.swift in Sources */ = {isa = PBXBuildFile; fileRef = F6C454708FB911B4CA57B3C5 /* DisplayModeSelectorView.swift */; };
		53E6DC4359B95A1D35292849 /* Container+App.swift in Sources */ = {isa = PBXBuildFile; fileRef = 22295C65FF8DCA797D2089F6 /* Container+App.swift */; };
		542A7CF1176DF5FE2370CB27 /* SettingsInteractor.swift in Sources */ = {isa = PBXBuildFile; fileRef = 89ED047968A29E23FC111E34 /* SettingsInteractor.swift */; };
		54A7C740B26F5886DB1E4D4B /* SettingsPresenter.swift in Sources */ = {isa = PBXBuildFile; fileRef = 0A490CFFEB6E1298754AFBF5 /* SettingsPresenter.swift */; };
		58CDAEFF3D568D1540CC4AAA /* SettingsWorker.swift in Sources */ = {isa = PBXBuildFile; fileRef = 8358600E985D3B071289B175 /* SettingsWorker.swift */; };
		59CF3F29CC036B5A2C42C39C /* TuistAssets+Kingthereum.swift in Sources */ = {isa = PBXBuildFile; fileRef = 5AD340C1BC62D99DD182E285 /* TuistAssets+Kingthereum.swift */; };
		5D26805E00E2264EE55BFC6A /* Factory.framework in Embed Frameworks */ = {isa = PBXBuildFile; fileRef = CA7D250115071471366D44E2 /* Factory.framework */; settings = {ATTRIBUTES = (CodeSignOnCopy, RemoveHeadersOnCopy, ); }; };
		5E567D9BCC31C0203B0B3BBB /* HistoryPresenterTests.swift in Sources */ = {isa = PBXBuildFile; fileRef = 797A5D34788359611C356263 /* HistoryPresenterTests.swift */; };
		5EE0ADA6ED755D815507DCD1 /* SendWorker.swift in Sources */ = {isa = PBXBuildFile; fileRef = ECEF8822FD2A6B6518474388 /* SendWorker.swift */; };
		64AE63D79AEC98BAE84ED3EE /* Web3swift_web3swift.bundle in Dependencies */ = {isa = PBXBuildFile; fileRef = 8A5C2C2A4DBD1219178A47B4 /* Web3swift_web3swift.bundle */; };
		64BFE27BFDD3436BC23C9F25 /* SavingInsightsModelsTests.swift in Sources */ = {isa = PBXBuildFile; fileRef = 920E69CEDE8E28591CA33964 /* SavingInsightsModelsTests.swift */; };
		64FE5F2B88422E990D2C157A /* ReceiveRouter.swift in Sources */ = {isa = PBXBuildFile; fileRef = 77232289F4A5A92B467C43C5 /* ReceiveRouter.swift */; };
		6C36AAC7BDE098EDD2173EF1 /* SettingsRouter.swift in Sources */ = {isa = PBXBuildFile; fileRef = 7946A57B9BC6929BDD080822 /* SettingsRouter.swift */; };
		6E550D0EA372617759F2E7C3 /* GasCalculatorModelsTests.swift in Sources */ = {isa = PBXBuildFile; fileRef = 33C099AD5775E51210791845 /* GasCalculatorModelsTests.swift */; };
		70A64525CA879DCBF5223250 /* MnemonicView.swift in Sources */ = {isa = PBXBuildFile; fileRef = D8BBB6DE2B2FFC292303EB45 /* MnemonicView.swift */; };
		71E9B6CF21925BF7B5A3BFAC /* WalletKit.framework in Frameworks */ = {isa = PBXBuildFile; fileRef = 78E90F7442652E8E05AA0F3E /* WalletKit.framework */; };
		72395FBAFF7E5279BEB8EFE3 /* SendTests.swift in Sources */ = {isa = PBXBuildFile; fileRef = A91F3C1AB73AA3DD5B059DAF /* SendTests.swift */; };
		784DD5674E96EE870C654106 /* SendTDDTests.swift in Sources */ = {isa = PBXBuildFile; fileRef = 28DE43FBF00A08B79D5B22A5 /* SendTDDTests.swift */; };
		7DC6AF643636FDE265D1F671 /* ReceivePresenter.swift in Sources */ = {isa = PBXBuildFile; fileRef = C0786D651A5B6E3CD9F95C4B /* ReceivePresenter.swift */; };
		840237E147321DE3AC54956E /* SendInteractor.swift in Sources */ = {isa = PBXBuildFile; fileRef = 2224F51BBBEE6DD021750757 /* SendInteractor.swift */; };
		8983AB8CCFBE7E5A3AA101A2 /* HistoryRouter.swift in Sources */ = {isa = PBXBuildFile; fileRef = ED65605C01A995AECB1F9CCD /* HistoryRouter.swift */; };
		8A10605547E8FA2923D201D2 /* SettingsView.swift in Sources */ = {isa = PBXBuildFile; fileRef = B9EE7168440D85F63633705B /* SettingsView.swift */; };
		9016FEB3AF89B765EB7AC2EB /* WalletHomeView.swift in Sources */ = {isa = PBXBuildFile; fileRef = 84FF78CF9532373864CCE566 /* WalletHomeView.swift */; };
		9402D8403501EA8619913760 /* SettingsPresenterTests.swift in Sources */ = {isa = PBXBuildFile; fileRef = BE36A5058C7B4B5A7DAD2CFD /* SettingsPresenterTests.swift */; };
		974A341D935B494B2D134F1F /* GasCalculatorModels.swift in Sources */ = {isa = PBXBuildFile; fileRef = EB618779DF8130B10A9815B0 /* GasCalculatorModels.swift */; };
		98A0395E1660876523F38743 /* HistoryInteractor.swift in Sources */ = {isa = PBXBuildFile; fileRef = 7AAEAF8C8C439E3EFD047CCD /* HistoryInteractor.swift */; };
		9A4194B9E06E9638A0BABF9A /* SettingsInteractorTests.swift in Sources */ = {isa = PBXBuildFile; fileRef = C4587A0FF1E2938106EA93B4 /* SettingsInteractorTests.swift */; };
		A08B1500D586017BEDC8526F /* CryptoSwift.framework in Embed Frameworks */ = {isa = PBXBuildFile; fileRef = 368643C48FFDBD70825625E7 /* CryptoSwift.framework */; settings = {ATTRIBUTES = (CodeSignOnCopy, RemoveHeadersOnCopy, ); }; };
		A247C8B1240E10C4618BB40E /* HistoryInteractorTests.swift in Sources */ = {isa = PBXBuildFile; fileRef = 168B284199D2670B50A37FBE /* HistoryInteractorTests.swift */; };
		A5C4C7296E015D68B4B71D08 /* CustomTabBar.swift in Sources */ = {isa = PBXBuildFile; fileRef = 2EFCB9F4F7386B483537A738 /* CustomTabBar.swift */; };
		A62ED2BCA4087F61C44181AC /* SecurityKit.framework in Embed Frameworks */ = {isa = PBXBuildFile; fileRef = 630102B96BB829A6F18AEB54 /* SecurityKit.framework */; settings = {ATTRIBUTES = (CodeSignOnCopy, RemoveHeadersOnCopy, ); }; };
		B046F41F1F20CC3B569A0140 /* KingtherumApp.swift in Sources */ = {isa = PBXBuildFile; fileRef = DE511EB0D5396A5BD7F5615C /* KingtherumApp.swift */; };
		B682E5B158F42BD15D3A6F5F /* TuistBundle+Kingthereum.swift in Sources */ = {isa = PBXBuildFile; fileRef = 69E825FBA3F1EE50866F3270 /* TuistBundle+Kingthereum.swift */; };
		B96D6427FFE9EB09BB186D66 /* HistoryRouterTests.swift in Sources */ = {isa = PBXBuildFile; fileRef = 1AA1B71B64F767687381281E /* HistoryRouterTests.swift */; };
		B98589629A3EFA49ACE38A67 /* KeychainAccess.framework in Embed Frameworks */ = {isa = PBXBuildFile; fileRef = D18EF82CF98F176FB805CC41 /* KeychainAccess.framework */; settings = {ATTRIBUTES = (CodeSignOnCopy, RemoveHeadersOnCopy, ); }; };
		BF39283AFFF20D87A01E4689 /* AuthenticationView.swift in Sources */ = {isa = PBXBuildFile; fileRef = 8FC9FAF5E8EFE31DB057360B /* AuthenticationView.swift */; };
		C4DC199193192031D7E4CE94 /* SendRouter.swift in Sources */ = {isa = PBXBuildFile; fileRef = 959EB0479A224BE840827674 /* SendRouter.swift */; };
		C7B71071E1EC1A45B3A65BF4 /* SendError.swift in Sources */ = {isa = PBXBuildFile; fileRef = F7A1E5434ACC3B88B697C768 /* SendError.swift */; };
		C8FA0D19CC1A0ECFD85B2D25 /* ReceiveInteractor.swift in Sources */ = {isa = PBXBuildFile; fileRef = DA70E2A552925BA449A03854 /* ReceiveInteractor.swift */; };
		CBC20788A3FDF76102D8427E /* AppCoordinator.swift in Sources */ = {isa = PBXBuildFile; fileRef = 8E829B8C28861AEDA3B13160 /* AppCoordinator.swift */; };
		CC343950F90E5271FB489103 /* ReceiveTests.swift in Sources */ = {isa = PBXBuildFile; fileRef = BF6C19E41E2EAC39F644BD35 /* ReceiveTests.swift */; };
		D488120F0A26DC1A24F043FE /* ReceiveSecurityManager.swift in Sources */ = {isa = PBXBuildFile; fileRef = 6B35A2C419A2ABB3A16DE8CE /* ReceiveSecurityManager.swift */; };
		D539330651E5F90932083C0A /* DesignSystem.framework in Frameworks */ = {isa = PBXBuildFile; fileRef = B2C63AB9494C456DCAAF7A41 /* DesignSystem.framework */; };
		D761BAC751A098376A641675 /* SendCoordinator.swift in Sources */ = {isa = PBXBuildFile; fileRef = 31F391C7E722F9953E50122B /* SendCoordinator.swift */; };
		D8C131BC25E30A1E646943DC /* HistoryPresenter.swift in Sources */ = {isa = PBXBuildFile; fileRef = A406DB3CCE41E1D5E4D7A2F9 /* HistoryPresenter.swift */; };
		D8FE9EF5F2FFDA1A5E45B5F6 /* WalletKit.framework in Embed Frameworks */ = {isa = PBXBuildFile; fileRef = 78E90F7442652E8E05AA0F3E /* WalletKit.framework */; settings = {ATTRIBUTES = (CodeSignOnCopy, RemoveHeadersOnCopy, ); }; };
		E2BB87B96E4243ABDD525BD2 /* AuthenticationInteractorTests.swift in Sources */ = {isa = PBXBuildFile; fileRef = 636321CDDE483C0BA056D108 /* AuthenticationInteractorTests.swift */; };
		E448BB0F197F1B40D51071D9 /* HistoryWorkerTests.swift in Sources */ = {isa = PBXBuildFile; fileRef = 50BE98F36D77F63C5AEC5065 /* HistoryWorkerTests.swift */; };
		E4F183221C22907C008C5A3A /* AuthenticationPresenterTests.swift in Sources */ = {isa = PBXBuildFile; fileRef = 4C38DCAFB3ED09CD971CDFA5 /* AuthenticationPresenterTests.swift */; };
		E5B6B2D9DAD4DA35301F6CD7 /* Assets.xcassets in Resources */ = {isa = PBXBuildFile; fileRef = 6FE8D78487A89F45A3205304 /* Assets.xcassets */; };
		E98FEE4F20FD8106CD910BEB /* AuthenticationRouter.swift in Sources */ = {isa = PBXBuildFile; fileRef = D7D756FF92C20DA110157C5E /* AuthenticationRouter.swift */; };
		EB8016E79370AD71676F7346 /* SendPresenter.swift in Sources */ = {isa = PBXBuildFile; fileRef = E98A58017B04E61B6E8EAD4B /* SendPresenter.swift */; };
		F6349BA265C1131B05733A4D /* ReceiveErrorHandler.swift in Sources */ = {isa = PBXBuildFile; fileRef = 3CDEFFC8F5728945ED21190F /* ReceiveErrorHandler.swift */; };
		F97642E707D7F84F4D57E5F4 /* SendView.swift in Sources */ = {isa = PBXBuildFile; fileRef = 326895F8991CB95740434FB7 /* SendView.swift */; };
/* End PBXBuildFile section */

/* Begin PBXContainerItemProxy section */
		C6A3DB8E5BF4EEC2B76EEEE0 /* PBXContainerItemProxy */ = {
			isa = PBXContainerItemProxy;
			containerPortal = 2F88CFAA9A743E225DC5D711 /* Project object */;
			proxyType = 1;
			remoteGlobalIDString = 183096DB640A914F98382612;
			remoteInfo = Kingthereum;
		};
/* End PBXContainerItemProxy section */

/* Begin PBXCopyFilesBuildPhase section */
		360A7483E351BB324E4D58BB /* Embed Frameworks */ = {
			isa = PBXCopyFilesBuildPhase;
			buildActionMask = 2147483647;
			dstPath = "";
			dstSubfolderSpec = 10;
			files = (
				00FC8460B12F4296108C5229 /* BigInt.framework in Embed Frameworks */,
				3CA07D8B474DE3A80EA80D8A /* Core.framework in Embed Frameworks */,
				A08B1500D586017BEDC8526F /* CryptoSwift.framework in Embed Frameworks */,
				0827DC505E66AA112B933766 /* DesignSystem.framework in Embed Frameworks */,
				210B35D5552F3A91B3A710FE /* Entity.framework in Embed Frameworks */,
				5D26805E00E2264EE55BFC6A /* Factory.framework in Embed Frameworks */,
				B98589629A3EFA49ACE38A67 /* KeychainAccess.framework in Embed Frameworks */,
				A62ED2BCA4087F61C44181AC /* SecurityKit.framework in Embed Frameworks */,
				D8FE9EF5F2FFDA1A5E45B5F6 /* WalletKit.framework in Embed Frameworks */,
			);
			name = "Embed Frameworks";
			runOnlyForDeploymentPostprocessing = 0;
		};
		764D21ED29A4020E45117F6E /* Dependencies */ = {
			isa = PBXCopyFilesBuildPhase;
			buildActionMask = 8;
			dstSubfolderSpec = 16;
			files = (
				64AE63D79AEC98BAE84ED3EE /* Web3swift_web3swift.bundle in Dependencies */,
			);
			name = Dependencies;
			runOnlyForDeploymentPostprocessing = 1;
		};
		CC8F71D12565E719DDBBF055 /* Embed Frameworks */ = {
			isa = PBXCopyFilesBuildPhase;
			buildActionMask = 2147483647;
			dstPath = "";
			dstSubfolderSpec = 10;
			files = (
			);
			name = "Embed Frameworks";
			runOnlyForDeploymentPostprocessing = 0;
		};
/* End PBXCopyFilesBuildPhase section */

/* Begin PBXFileReference section */
		0625C2682DBA842056B1D6E1 /* Core.framework */ = {isa = PBXFileReference; explicitFileType = wrapper.framework; includeInIndex = 0; path = Core.framework; sourceTree = BUILT_PRODUCTS_DIR; };
		0739864836E5BD191CA895CE /* SendSuccessView.swift */ = {isa = PBXFileReference; lastKnownFileType = sourcecode.swift; path = SendSuccessView.swift; sourceTree = "<group>"; };
		0A490CFFEB6E1298754AFBF5 /* SettingsPresenter.swift */ = {isa = PBXFileReference; lastKnownFileType = sourcecode.swift; path = SettingsPresenter.swift; sourceTree = "<group>"; };
		0B4CAFE9FD5BDE0EF0EB515A /* SwiftTestingValidationTest.swift */ = {isa = PBXFileReference; lastKnownFileType = sourcecode.swift; path = SwiftTestingValidationTest.swift; sourceTree = "<group>"; };
		168B284199D2670B50A37FBE /* HistoryInteractorTests.swift */ = {isa = PBXFileReference; lastKnownFileType = sourcecode.swift; path = HistoryInteractorTests.swift; sourceTree = "<group>"; };
		1AA1B71B64F767687381281E /* HistoryRouterTests.swift */ = {isa = PBXFileReference; lastKnownFileType = sourcecode.swift; path = HistoryRouterTests.swift; sourceTree = "<group>"; };
		2224F51BBBEE6DD021750757 /* SendInteractor.swift */ = {isa = PBXFileReference; lastKnownFileType = sourcecode.swift; path = SendInteractor.swift; sourceTree = "<group>"; };
		22295C65FF8DCA797D2089F6 /* Container+App.swift */ = {isa = PBXFileReference; lastKnownFileType = sourcecode.swift; path = "Container+App.swift"; sourceTree = "<group>"; };
		28DE43FBF00A08B79D5B22A5 /* SendTDDTests.swift */ = {isa = PBXFileReference; lastKnownFileType = sourcecode.swift; path = SendTDDTests.swift; sourceTree = "<group>"; };
		2EFCB9F4F7386B483537A738 /* CustomTabBar.swift */ = {isa = PBXFileReference; lastKnownFileType = sourcecode.swift; path = CustomTabBar.swift; sourceTree = "<group>"; };
		31F391C7E722F9953E50122B /* SendCoordinator.swift */ = {isa = PBXFileReference; lastKnownFileType = sourcecode.swift; path = SendCoordinator.swift; sourceTree = "<group>"; };
		326895F8991CB95740434FB7 /* SendView.swift */ = {isa = PBXFileReference; lastKnownFileType = sourcecode.swift; path = SendView.swift; sourceTree = "<group>"; };
		33C099AD5775E51210791845 /* GasCalculatorModelsTests.swift */ = {isa = PBXFileReference; lastKnownFileType = sourcecode.swift; path = GasCalculatorModelsTests.swift; sourceTree = "<group>"; };
		368643C48FFDBD70825625E7 /* CryptoSwift.framework */ = {isa = PBXFileReference; explicitFileType = wrapper.framework; includeInIndex = 0; path = CryptoSwift.framework; sourceTree = BUILT_PRODUCTS_DIR; };
		3B2F59BE9F8C805F329A4FFC /* ReceiveView.swift */ = {isa = PBXFileReference; lastKnownFileType = sourcecode.swift; path = ReceiveView.swift; sourceTree = "<group>"; };
		3CDEFFC8F5728945ED21190F /* ReceiveErrorHandler.swift */ = {isa = PBXFileReference; lastKnownFileType = sourcecode.swift; path = ReceiveErrorHandler.swift; sourceTree = "<group>"; };
		4C38DCAFB3ED09CD971CDFA5 /* AuthenticationPresenterTests.swift */ = {isa = PBXFileReference; lastKnownFileType = sourcecode.swift; path = AuthenticationPresenterTests.swift; sourceTree = "<group>"; };
		50B35B75F78604A0937CA4B5 /* SplashView.swift */ = {isa = PBXFileReference; lastKnownFileType = sourcecode.swift; path = SplashView.swift; sourceTree = "<group>"; };
		50BE98F36D77F63C5AEC5065 /* HistoryWorkerTests.swift */ = {isa = PBXFileReference; lastKnownFileType = sourcecode.swift; path = HistoryWorkerTests.swift; sourceTree = "<group>"; };
		5231BDE764A4111E2144A2A4 /* HistoryWorker.swift */ = {isa = PBXFileReference; lastKnownFileType = sourcecode.swift; path = HistoryWorker.swift; sourceTree = "<group>"; };
		55D6DF06356A5B2ABB861166 /* SendWorkerTestExtensions.swift */ = {isa = PBXFileReference; lastKnownFileType = sourcecode.swift; path = SendWorkerTestExtensions.swift; sourceTree = "<group>"; };
		5AD340C1BC62D99DD182E285 /* TuistAssets+Kingthereum.swift */ = {isa = PBXFileReference; lastKnownFileType = sourcecode.swift; path = "TuistAssets+Kingthereum.swift"; sourceTree = "<group>"; };
		630102B96BB829A6F18AEB54 /* SecurityKit.framework */ = {isa = PBXFileReference; explicitFileType = wrapper.framework; includeInIndex = 0; path = SecurityKit.framework; sourceTree = BUILT_PRODUCTS_DIR; };
		636321CDDE483C0BA056D108 /* AuthenticationInteractorTests.swift */ = {isa = PBXFileReference; lastKnownFileType = sourcecode.swift; path = AuthenticationInteractorTests.swift; sourceTree = "<group>"; };
		65AB990037019711AD537DAA /* AuthenticationInteractor.swift */ = {isa = PBXFileReference; lastKnownFileType = sourcecode.swift; path = AuthenticationInteractor.swift; sourceTree = "<group>"; };
		6606C6E8D8C3461F9328B4C6 /* Kingthereum.app */ = {isa = PBXFileReference; explicitFileType = wrapper.application; includeInIndex = 0; path = Kingthereum.app; sourceTree = BUILT_PRODUCTS_DIR; };
		69E825FBA3F1EE50866F3270 /* TuistBundle+Kingthereum.swift */ = {isa = PBXFileReference; lastKnownFileType = sourcecode.swift; path = "TuistBundle+Kingthereum.swift"; sourceTree = "<group>"; };
		6B35A2C419A2ABB3A16DE8CE /* ReceiveSecurityManager.swift */ = {isa = PBXFileReference; lastKnownFileType = sourcecode.swift; path = ReceiveSecurityManager.swift; sourceTree = "<group>"; };
		6C23D53B6B040EDB22627B8F /* MainTabView.swift */ = {isa = PBXFileReference; lastKnownFileType = sourcecode.swift; path = MainTabView.swift; sourceTree = "<group>"; };
		6FE8D78487A89F45A3205304 /* Assets.xcassets */ = {isa = PBXFileReference; lastKnownFileType = folder.assetcatalog; path = Assets.xcassets; sourceTree = "<group>"; };
		70DCAEBA1980179290A2EB1C /* AuthenticationPresenter.swift */ = {isa = PBXFileReference; lastKnownFileType = sourcecode.swift; path = AuthenticationPresenter.swift; sourceTree = "<group>"; };
		75B5130641D97758B93308E2 /* HistoryView.swift */ = {isa = PBXFileReference; lastKnownFileType = sourcecode.swift; path = HistoryView.swift; sourceTree = "<group>"; };
		77232289F4A5A92B467C43C5 /* ReceiveRouter.swift */ = {isa = PBXFileReference; lastKnownFileType = sourcecode.swift; path = ReceiveRouter.swift; sourceTree = "<group>"; };
		78E90F7442652E8E05AA0F3E /* WalletKit.framework */ = {isa = PBXFileReference; explicitFileType = wrapper.framework; includeInIndex = 0; path = WalletKit.framework; sourceTree = BUILT_PRODUCTS_DIR; };
		7946A57B9BC6929BDD080822 /* SettingsRouter.swift */ = {isa = PBXFileReference; lastKnownFileType = sourcecode.swift; path = SettingsRouter.swift; sourceTree = "<group>"; };
		797A5D34788359611C356263 /* HistoryPresenterTests.swift */ = {isa = PBXFileReference; lastKnownFileType = sourcecode.swift; path = HistoryPresenterTests.swift; sourceTree = "<group>"; };
		7AAEAF8C8C439E3EFD047CCD /* HistoryInteractor.swift */ = {isa = PBXFileReference; lastKnownFileType = sourcecode.swift; path = HistoryInteractor.swift; sourceTree = "<group>"; };
		8358600E985D3B071289B175 /* SettingsWorker.swift */ = {isa = PBXFileReference; lastKnownFileType = sourcecode.swift; path = SettingsWorker.swift; sourceTree = "<group>"; };
		84FF78CF9532373864CCE566 /* WalletHomeView.swift */ = {isa = PBXFileReference; lastKnownFileType = sourcecode.swift; path = WalletHomeView.swift; sourceTree = "<group>"; };
		89ED047968A29E23FC111E34 /* SettingsInteractor.swift */ = {isa = PBXFileReference; lastKnownFileType = sourcecode.swift; path = SettingsInteractor.swift; sourceTree = "<group>"; };
		8A5C2C2A4DBD1219178A47B4 /* Web3swift_web3swift.bundle */ = {isa = PBXFileReference; explicitFileType = wrapper.cfbundle; includeInIndex = 0; path = Web3swift_web3swift.bundle; sourceTree = BUILT_PRODUCTS_DIR; };
		8E829B8C28861AEDA3B13160 /* AppCoordinator.swift */ = {isa = PBXFileReference; lastKnownFileType = sourcecode.swift; path = AppCoordinator.swift; sourceTree = "<group>"; };
		8FC9FAF5E8EFE31DB057360B /* AuthenticationView.swift */ = {isa = PBXFileReference; lastKnownFileType = sourcecode.swift; path = AuthenticationView.swift; sourceTree = "<group>"; };
		900BEA52ED5F56FD288B66BA /* KingthereumTests.xctest */ = {isa = PBXFileReference; explicitFileType = wrapper.cfbundle; includeInIndex = 0; path = KingthereumTests.xctest; sourceTree = BUILT_PRODUCTS_DIR; };
		920E69CEDE8E28591CA33964 /* SavingInsightsModelsTests.swift */ = {isa = PBXFileReference; lastKnownFileType = sourcecode.swift; path = SavingInsightsModelsTests.swift; sourceTree = "<group>"; };
		959EB0479A224BE840827674 /* SendRouter.swift */ = {isa = PBXFileReference; lastKnownFileType = sourcecode.swift; path = SendRouter.swift; sourceTree = "<group>"; };
		A0199623B7922329A7312B82 /* BigInt.framework */ = {isa = PBXFileReference; explicitFileType = wrapper.framework; includeInIndex = 0; path = BigInt.framework; sourceTree = BUILT_PRODUCTS_DIR; };
		A190F53D57B49D7715092C1A /* AppTab.swift */ = {isa = PBXFileReference; lastKnownFileType = sourcecode.swift; path = AppTab.swift; sourceTree = "<group>"; };
		A406DB3CCE41E1D5E4D7A2F9 /* HistoryPresenter.swift */ = {isa = PBXFileReference; lastKnownFileType = sourcecode.swift; path = HistoryPresenter.swift; sourceTree = "<group>"; };
		A91F3C1AB73AA3DD5B059DAF /* SendTests.swift */ = {isa = PBXFileReference; lastKnownFileType = sourcecode.swift; path = SendTests.swift; sourceTree = "<group>"; };
		B2C63AB9494C456DCAAF7A41 /* DesignSystem.framework */ = {isa = PBXFileReference; explicitFileType = wrapper.framework; includeInIndex = 0; path = DesignSystem.framework; sourceTree = BUILT_PRODUCTS_DIR; };
		B3A8757D507A0193A26EF5C6 /* KingthereumTests-Info.plist */ = {isa = PBXFileReference; lastKnownFileType = text.plist; path = "KingthereumTests-Info.plist"; sourceTree = "<group>"; };
		B9EE7168440D85F63633705B /* SettingsView.swift */ = {isa = PBXFileReference; lastKnownFileType = sourcecode.swift; path = SettingsView.swift; sourceTree = "<group>"; };
		BE36A5058C7B4B5A7DAD2CFD /* SettingsPresenterTests.swift */ = {isa = PBXFileReference; lastKnownFileType = sourcecode.swift; path = SettingsPresenterTests.swift; sourceTree = "<group>"; };
		BF6C19E41E2EAC39F644BD35 /* ReceiveTests.swift */ = {isa = PBXFileReference; lastKnownFileType = sourcecode.swift; path = ReceiveTests.swift; sourceTree = "<group>"; };
		C0786D651A5B6E3CD9F95C4B /* ReceivePresenter.swift */ = {isa = PBXFileReference; lastKnownFileType = sourcecode.swift; path = ReceivePresenter.swift; sourceTree = "<group>"; };
		C4587A0FF1E2938106EA93B4 /* SettingsInteractorTests.swift */ = {isa = PBXFileReference; lastKnownFileType = sourcecode.swift; path = SettingsInteractorTests.swift; sourceTree = "<group>"; };
		C9088C1A2B55A2C7C80B5606 /* Kingthereum-Info.plist */ = {isa = PBXFileReference; lastKnownFileType = text.plist; path = "Kingthereum-Info.plist"; sourceTree = "<group>"; };
		CA7D250115071471366D44E2 /* Factory.framework */ = {isa = PBXFileReference; explicitFileType = wrapper.framework; includeInIndex = 0; path = Factory.framework; sourceTree = BUILT_PRODUCTS_DIR; };
		D18EF82CF98F176FB805CC41 /* KeychainAccess.framework */ = {isa = PBXFileReference; explicitFileType = wrapper.framework; includeInIndex = 0; path = KeychainAccess.framework; sourceTree = BUILT_PRODUCTS_DIR; };
		D7D756FF92C20DA110157C5E /* AuthenticationRouter.swift */ = {isa = PBXFileReference; lastKnownFileType = sourcecode.swift; path = AuthenticationRouter.swift; sourceTree = "<group>"; };
		D8BBB6DE2B2FFC292303EB45 /* MnemonicView.swift */ = {isa = PBXFileReference; lastKnownFileType = sourcecode.swift; path = MnemonicView.swift; sourceTree = "<group>"; };
		DA70E2A552925BA449A03854 /* ReceiveInteractor.swift */ = {isa = PBXFileReference; lastKnownFileType = sourcecode.swift; path = ReceiveInteractor.swift; sourceTree = "<group>"; };
		DE511EB0D5396A5BD7F5615C /* KingtherumApp.swift */ = {isa = PBXFileReference; lastKnownFileType = sourcecode.swift; path = KingtherumApp.swift; sourceTree = "<group>"; };
		E98A58017B04E61B6E8EAD4B /* SendPresenter.swift */ = {isa = PBXFileReference; lastKnownFileType = sourcecode.swift; path = SendPresenter.swift; sourceTree = "<group>"; };
		EB1677A8211DF3DAAE514D29 /* Entity.framework */ = {isa = PBXFileReference; explicitFileType = wrapper.framework; includeInIndex = 0; path = Entity.framework; sourceTree = BUILT_PRODUCTS_DIR; };
		EB618779DF8130B10A9815B0 /* GasCalculatorModels.swift */ = {isa = PBXFileReference; lastKnownFileType = sourcecode.swift; path = GasCalculatorModels.swift; sourceTree = "<group>"; };
		ECEF8822FD2A6B6518474388 /* SendWorker.swift */ = {isa = PBXFileReference; lastKnownFileType = sourcecode.swift; path = SendWorker.swift; sourceTree = "<group>"; };
		ED65605C01A995AECB1F9CCD /* HistoryRouter.swift */ = {isa = PBXFileReference; lastKnownFileType = sourcecode.swift; path = HistoryRouter.swift; sourceTree = "<group>"; };
		EE42C8C03428BE84393AD052 /* AuthenticationWorker.swift */ = {isa = PBXFileReference; lastKnownFileType = sourcecode.swift; path = AuthenticationWorker.swift; sourceTree = "<group>"; };
		F67BCEB73B940AAB933456C4 /* ReceiveWorker.swift */ = {isa = PBXFileReference; lastKnownFileType = sourcecode.swift; path = ReceiveWorker.swift; sourceTree = "<group>"; };
		F6C454708FB911B4CA57B3C5 /* DisplayModeSelectorView.swift */ = {isa = PBXFileReference; lastKnownFileType = sourcecode.swift; path = DisplayModeSelectorView.swift; sourceTree = "<group>"; };
		F7A1E5434ACC3B88B697C768 /* SendError.swift */ = {isa = PBXFileReference; lastKnownFileType = sourcecode.swift; path = SendError.swift; sourceTree = "<group>"; };
/* End PBXFileReference section */

/* Begin PBXFrameworksBuildPhase section */
		2386741DA12000581F7C58D6 /* Frameworks */ = {
			isa = PBXFrameworksBuildPhase;
			buildActionMask = 2147483647;
			files = (
				D539330651E5F90932083C0A /* DesignSystem.framework in Frameworks */,
				1B93097B65582FD2A4DDB6D5 /* SecurityKit.framework in Frameworks */,
				71E9B6CF21925BF7B5A3BFAC /* WalletKit.framework in Frameworks */,
			);
			runOnlyForDeploymentPostprocessing = 0;
		};
		83D69B8323CC18864B75B4BD /* Frameworks */ = {
			isa = PBXFrameworksBuildPhase;
			buildActionMask = 2147483647;
			files = (
			);
			runOnlyForDeploymentPostprocessing = 0;
		};
/* End PBXFrameworksBuildPhase section */

/* Begin PBXGroup section */
		0D6EC41FD5A22F505AD4C6DD /* Scenes */ = {
			isa = PBXGroup;
			children = (
				7D010F16FD1B1E3ADE124207 /* Authentication */,
				3D99DC1868BB32E374380D48 /* History */,
				A5619B5A17025DF0DCB84429 /* Settings */,
			);
			path = Scenes;
			sourceTree = "<group>";
		};
		0FF9E9670D8A48D2FCF49116 /* Derived */ = {
			isa = PBXGroup;
			children = (
				CB45C82CEB8EA28E4FB5C949 /* InfoPlists */,
				5C22DF8860E037A47F7B1715 /* Sources */,
			);
			path = Derived;
			sourceTree = "<group>";
		};
		1A82C50F5E0D3819995D6272 /* Security */ = {
			isa = PBXGroup;
			children = (
				6B35A2C419A2ABB3A16DE8CE /* ReceiveSecurityManager.swift */,
			);
			path = Security;
			sourceTree = "<group>";
		};
		29FB45257E465CEB952F3FE9 /* Resources */ = {
			isa = PBXGroup;
			children = (
				6FE8D78487A89F45A3205304 /* Assets.xcassets */,
			);
			path = Resources;
			sourceTree = "<group>";
		};
		2E1F53CD0444674ED1C8EEDC /* Shared */ = {
			isa = PBXGroup;
			children = (
				D8BBB6DE2B2FFC292303EB45 /* MnemonicView.swift */,
			);
			path = Shared;
			sourceTree = "<group>";
		};
		3A181E395BF68BEAAED43E20 /* Main */ = {
			isa = PBXGroup;
			children = (
				A190F53D57B49D7715092C1A /* AppTab.swift */,
				2EFCB9F4F7386B483537A738 /* CustomTabBar.swift */,
				6C23D53B6B040EDB22627B8F /* MainTabView.swift */,
			);
			path = Main;
			sourceTree = "<group>";
		};
		3D99DC1868BB32E374380D48 /* History */ = {
			isa = PBXGroup;
			children = (
				168B284199D2670B50A37FBE /* HistoryInteractorTests.swift */,
				797A5D34788359611C356263 /* HistoryPresenterTests.swift */,
				1AA1B71B64F767687381281E /* HistoryRouterTests.swift */,
				50BE98F36D77F63C5AEC5065 /* HistoryWorkerTests.swift */,
			);
			path = History;
			sourceTree = "<group>";
		};
		3F0200AE95998AA763754A05 /* DependencyInjection */ = {
			isa = PBXGroup;
			children = (
				22295C65FF8DCA797D2089F6 /* Container+App.swift */,
			);
			path = DependencyInjection;
			sourceTree = "<group>";
		};
		434AECCE917CF4FE804BAE80 /* Project */ = {
			isa = PBXGroup;
			children = (
				0FF9E9670D8A48D2FCF49116 /* Derived */,
				29FB45257E465CEB952F3FE9 /* Resources */,
				57774578D7AB869842E2B4BF /* Sources */,
				7FFD42221D5EDE345A036228 /* Tests */,
			);
			name = Project;
			sourceTree = "<group>";
		};
		4B5B6335BAD9675E156262A3 /* Send */ = {
			isa = PBXGroup;
			children = (
				31F391C7E722F9953E50122B /* SendCoordinator.swift */,
				F7A1E5434ACC3B88B697C768 /* SendError.swift */,
				2224F51BBBEE6DD021750757 /* SendInteractor.swift */,
				E98A58017B04E61B6E8EAD4B /* SendPresenter.swift */,
				959EB0479A224BE840827674 /* SendRouter.swift */,
				0739864836E5BD191CA895CE /* SendSuccessView.swift */,
				326895F8991CB95740434FB7 /* SendView.swift */,
				ECEF8822FD2A6B6518474388 /* SendWorker.swift */,
			);
			path = Send;
			sourceTree = "<group>";
		};
		57774578D7AB869842E2B4BF /* Sources */ = {
			isa = PBXGroup;
			children = (
				3F0200AE95998AA763754A05 /* DependencyInjection */,
				CB7F124F5962F22AA01B4990 /* Scenes */,
				8E829B8C28861AEDA3B13160 /* AppCoordinator.swift */,
				DE511EB0D5396A5BD7F5615C /* KingtherumApp.swift */,
			);
			path = Sources;
			sourceTree = "<group>";
		};
		5C22DF8860E037A47F7B1715 /* Sources */ = {
			isa = PBXGroup;
			children = (
				5AD340C1BC62D99DD182E285 /* TuistAssets+Kingthereum.swift */,
				69E825FBA3F1EE50866F3270 /* TuistBundle+Kingthereum.swift */,
			);
			path = Sources;
			sourceTree = "<group>";
		};
		62358111815563D8DA78961D /* Receive */ = {
			isa = PBXGroup;
			children = (
				3CDEFFC8F5728945ED21190F /* ReceiveErrorHandler.swift */,
				DA70E2A552925BA449A03854 /* ReceiveInteractor.swift */,
				C0786D651A5B6E3CD9F95C4B /* ReceivePresenter.swift */,
				77232289F4A5A92B467C43C5 /* ReceiveRouter.swift */,
				3B2F59BE9F8C805F329A4FFC /* ReceiveView.swift */,
				F67BCEB73B940AAB933456C4 /* ReceiveWorker.swift */,
			);
			path = Receive;
			sourceTree = "<group>";
		};
		65FA1499F6AD9F733BD34BF9 /* DisplayMode */ = {
			isa = PBXGroup;
			children = (
				F6C454708FB911B4CA57B3C5 /* DisplayModeSelectorView.swift */,
			);
			path = DisplayMode;
			sourceTree = "<group>";
		};
		6D661510853F70B94E81EB4C /* GasCalculator */ = {
			isa = PBXGroup;
			children = (
				EB618779DF8130B10A9815B0 /* GasCalculatorModels.swift */,
			);
			path = GasCalculator;
			sourceTree = "<group>";
		};
		7D010F16FD1B1E3ADE124207 /* Authentication */ = {
			isa = PBXGroup;
			children = (
				636321CDDE483C0BA056D108 /* AuthenticationInteractorTests.swift */,
				4C38DCAFB3ED09CD971CDFA5 /* AuthenticationPresenterTests.swift */,
			);
			path = Authentication;
			sourceTree = "<group>";
		};
		7E59FBC742047D03CCC7335B /* Settings */ = {
			isa = PBXGroup;
			children = (
				65FA1499F6AD9F733BD34BF9 /* DisplayMode */,
				89ED047968A29E23FC111E34 /* SettingsInteractor.swift */,
				0A490CFFEB6E1298754AFBF5 /* SettingsPresenter.swift */,
				7946A57B9BC6929BDD080822 /* SettingsRouter.swift */,
				B9EE7168440D85F63633705B /* SettingsView.swift */,
				8358600E985D3B071289B175 /* SettingsWorker.swift */,
			);
			path = Settings;
			sourceTree = "<group>";
		};
		7F763B3E3B10A9893F24ACF9 /* Wallet */ = {
			isa = PBXGroup;
			children = (
				62358111815563D8DA78961D /* Receive */,
				1A82C50F5E0D3819995D6272 /* Security */,
				4B5B6335BAD9675E156262A3 /* Send */,
				2E1F53CD0444674ED1C8EEDC /* Shared */,
				84FF78CF9532373864CCE566 /* WalletHomeView.swift */,
			);
			path = Wallet;
			sourceTree = "<group>";
		};
		7FFAAC0F9B9517537270EDF3 /* Products */ = {
			isa = PBXGroup;
			children = (
				A0199623B7922329A7312B82 /* BigInt.framework */,
				0625C2682DBA842056B1D6E1 /* Core.framework */,
				368643C48FFDBD70825625E7 /* CryptoSwift.framework */,
				B2C63AB9494C456DCAAF7A41 /* DesignSystem.framework */,
				EB1677A8211DF3DAAE514D29 /* Entity.framework */,
				CA7D250115071471366D44E2 /* Factory.framework */,
				D18EF82CF98F176FB805CC41 /* KeychainAccess.framework */,
				6606C6E8D8C3461F9328B4C6 /* Kingthereum.app */,
				900BEA52ED5F56FD288B66BA /* KingthereumTests.xctest */,
				630102B96BB829A6F18AEB54 /* SecurityKit.framework */,
				78E90F7442652E8E05AA0F3E /* WalletKit.framework */,
				8A5C2C2A4DBD1219178A47B4 /* Web3swift_web3swift.bundle */,
			);
			name = Products;
			sourceTree = "<group>";
		};
		7FFD42221D5EDE345A036228 /* Tests */ = {
			isa = PBXGroup;
			children = (
				0D6EC41FD5A22F505AD4C6DD /* Scenes */,
				33C099AD5775E51210791845 /* GasCalculatorModelsTests.swift */,
				BF6C19E41E2EAC39F644BD35 /* ReceiveTests.swift */,
				920E69CEDE8E28591CA33964 /* SavingInsightsModelsTests.swift */,
				28DE43FBF00A08B79D5B22A5 /* SendTDDTests.swift */,
				A91F3C1AB73AA3DD5B059DAF /* SendTests.swift */,
				55D6DF06356A5B2ABB861166 /* SendWorkerTestExtensions.swift */,
				0B4CAFE9FD5BDE0EF0EB515A /* SwiftTestingValidationTest.swift */,
			);
			path = Tests;
			sourceTree = "<group>";
		};
		9C29269978E33447E38830B2 /* Splash */ = {
			isa = PBXGroup;
			children = (
				50B35B75F78604A0937CA4B5 /* SplashView.swift */,
			);
			path = Splash;
			sourceTree = "<group>";
		};
		A5619B5A17025DF0DCB84429 /* Settings */ = {
			isa = PBXGroup;
			children = (
				C4587A0FF1E2938106EA93B4 /* SettingsInteractorTests.swift */,
				BE36A5058C7B4B5A7DAD2CFD /* SettingsPresenterTests.swift */,
			);
			path = Settings;
			sourceTree = "<group>";
		};
		BEF1E54EBE0254A92F4AB5A9 /* History */ = {
			isa = PBXGroup;
			children = (
				7AAEAF8C8C439E3EFD047CCD /* HistoryInteractor.swift */,
				A406DB3CCE41E1D5E4D7A2F9 /* HistoryPresenter.swift */,
				ED65605C01A995AECB1F9CCD /* HistoryRouter.swift */,
				75B5130641D97758B93308E2 /* HistoryView.swift */,
				5231BDE764A4111E2144A2A4 /* HistoryWorker.swift */,
			);
			path = History;
			sourceTree = "<group>";
		};
		CB45C82CEB8EA28E4FB5C949 /* InfoPlists */ = {
			isa = PBXGroup;
			children = (
				C9088C1A2B55A2C7C80B5606 /* Kingthereum-Info.plist */,
				B3A8757D507A0193A26EF5C6 /* KingthereumTests-Info.plist */,
			);
			path = InfoPlists;
			sourceTree = "<group>";
		};
		CB7F124F5962F22AA01B4990 /* Scenes */ = {
			isa = PBXGroup;
			children = (
				CF32A423A7545FC9EFED9DF6 /* Authentication */,
				6D661510853F70B94E81EB4C /* GasCalculator */,
				BEF1E54EBE0254A92F4AB5A9 /* History */,
				3A181E395BF68BEAAED43E20 /* Main */,
				7E59FBC742047D03CCC7335B /* Settings */,
				9C29269978E33447E38830B2 /* Splash */,
				7F763B3E3B10A9893F24ACF9 /* Wallet */,
			);
			path = Scenes;
			sourceTree = "<group>";
		};
		CF32A423A7545FC9EFED9DF6 /* Authentication */ = {
			isa = PBXGroup;
			children = (
				65AB990037019711AD537DAA /* AuthenticationInteractor.swift */,
				70DCAEBA1980179290A2EB1C /* AuthenticationPresenter.swift */,
				D7D756FF92C20DA110157C5E /* AuthenticationRouter.swift */,
				8FC9FAF5E8EFE31DB057360B /* AuthenticationView.swift */,
				EE42C8C03428BE84393AD052 /* AuthenticationWorker.swift */,
			);
			path = Authentication;
			sourceTree = "<group>";
		};
		FDECCD4AFF3C8EC34E1F2044 = {
			isa = PBXGroup;
			children = (
				434AECCE917CF4FE804BAE80 /* Project */,
				7FFAAC0F9B9517537270EDF3 /* Products */,
			);
			sourceTree = "<group>";
		};
/* End PBXGroup section */

/* Begin PBXNativeTarget section */
		02B8A9408723A71730945141 /* KingthereumTests */ = {
			isa = PBXNativeTarget;
			buildConfigurationList = C197078D80B80044BF792731 /* Build configuration list for PBXNativeTarget "KingthereumTests" */;
			buildPhases = (
				BD25F34EAE2657571406D9C4 /* Sources */,
				85AB3F6C60F2FD1DBC1E6039 /* Resources */,
				83D69B8323CC18864B75B4BD /* Frameworks */,
				CC8F71D12565E719DDBBF055 /* Embed Frameworks */,
			);
			buildRules = (
			);
			dependencies = (
				B2DBD12947DB13A814E80875 /* PBXTargetDependency */,
			);
			name = KingthereumTests;
			packageProductDependencies = (
			);
			productName = KingthereumTests;
			productReference = 900BEA52ED5F56FD288B66BA /* KingthereumTests.xctest */;
			productType = "com.apple.product-type.bundle.unit-test";
		};
		183096DB640A914F98382612 /* Kingthereum */ = {
			isa = PBXNativeTarget;
			buildConfigurationList = 78E5C6E0D051B16AE9C885F7 /* Build configuration list for PBXNativeTarget "Kingthereum" */;
			buildPhases = (
				F6D8A191C05602EC895EBE16 /* Sources */,
				0828CCF83D779E0049EC7D4B /* Resources */,
				2386741DA12000581F7C58D6 /* Frameworks */,
				360A7483E351BB324E4D58BB /* Embed Frameworks */,
				764D21ED29A4020E45117F6E /* Dependencies */,
			);
			buildRules = (
			);
			dependencies = (
			);
			name = Kingthereum;
			packageProductDependencies = (
			);
			productName = Kingthereum;
			productReference = 6606C6E8D8C3461F9328B4C6 /* Kingthereum.app */;
			productType = "com.apple.product-type.application";
		};
/* End PBXNativeTarget section */

/* Begin PBXProject section */
		2F88CFAA9A743E225DC5D711 /* Project object */ = {
			isa = PBXProject;
			attributes = {
				BuildIndependentTargetsInParallel = YES;
				ORGANIZATIONNAME = com.kingtherum;
				TargetAttributes = {
					02B8A9408723A71730945141 = {
						TestTargetID = 183096DB640A914F98382612;
					};
				};
			};
			buildConfigurationList = 4E5EE2236AB03406B93B245F /* Build configuration list for PBXProject "Kingthereum" */;
			compatibilityVersion = "Xcode 14.0";
			developmentRegion = ko;
			hasScannedForEncodings = 0;
			knownRegions = (
				ko,
			);
			mainGroup = FDECCD4AFF3C8EC34E1F2044;
			productRefGroup = 7FFAAC0F9B9517537270EDF3 /* Products */;
			projectDirPath = "";
			projectRoot = "";
			targets = (
				183096DB640A914F98382612 /* Kingthereum */,
				02B8A9408723A71730945141 /* KingthereumTests */,
			);
		};
/* End PBXProject section */

/* Begin PBXResourcesBuildPhase section */
		0828CCF83D779E0049EC7D4B /* Resources */ = {
			isa = PBXResourcesBuildPhase;
			buildActionMask = 2147483647;
			files = (
				E5B6B2D9DAD4DA35301F6CD7 /* Assets.xcassets in Resources */,
				1E2CF8FF20480EEB64571108 /* Web3swift_web3swift.bundle in Resources */,
			);
			runOnlyForDeploymentPostprocessing = 0;
		};
		85AB3F6C60F2FD1DBC1E6039 /* Resources */ = {
			isa = PBXResourcesBuildPhase;
			buildActionMask = 2147483647;
			files = (
			);
			runOnlyForDeploymentPostprocessing = 0;
		};
/* End PBXResourcesBuildPhase section */

/* Begin PBXSourcesBuildPhase section */
		BD25F34EAE2657571406D9C4 /* Sources */ = {
			isa = PBXSourcesBuildPhase;
			buildActionMask = 2147483647;
			files = (
				6E550D0EA372617759F2E7C3 /* GasCalculatorModelsTests.swift in Sources */,
				CC343950F90E5271FB489103 /* ReceiveTests.swift in Sources */,
				64BFE27BFDD3436BC23C9F25 /* SavingInsightsModelsTests.swift in Sources */,
				E2BB87B96E4243ABDD525BD2 /* AuthenticationInteractorTests.swift in Sources */,
				E4F183221C22907C008C5A3A /* AuthenticationPresenterTests.swift in Sources */,
				A247C8B1240E10C4618BB40E /* HistoryInteractorTests.swift in Sources */,
				5E567D9BCC31C0203B0B3BBB /* HistoryPresenterTests.swift in Sources */,
				B96D6427FFE9EB09BB186D66 /* HistoryRouterTests.swift in Sources */,
				E448BB0F197F1B40D51071D9 /* HistoryWorkerTests.swift in Sources */,
				9A4194B9E06E9638A0BABF9A /* SettingsInteractorTests.swift in Sources */,
				9402D8403501EA8619913760 /* SettingsPresenterTests.swift in Sources */,
				784DD5674E96EE870C654106 /* SendTDDTests.swift in Sources */,
				72395FBAFF7E5279BEB8EFE3 /* SendTests.swift in Sources */,
				1C575721420DCE7FCD74B466 /* SendWorkerTestExtensions.swift in Sources */,
				31838FE6657BFC59D69F574F /* SwiftTestingValidationTest.swift in Sources */,
			);
			runOnlyForDeploymentPostprocessing = 0;
		};
		F6D8A191C05602EC895EBE16 /* Sources */ = {
			isa = PBXSourcesBuildPhase;
			buildActionMask = 2147483647;
			files = (
				59CF3F29CC036B5A2C42C39C /* TuistAssets+Kingthereum.swift in Sources */,
				B682E5B158F42BD15D3A6F5F /* TuistBundle+Kingthereum.swift in Sources */,
				CBC20788A3FDF76102D8427E /* AppCoordinator.swift in Sources */,
				53E6DC4359B95A1D35292849 /* Container+App.swift in Sources */,
				B046F41F1F20CC3B569A0140 /* KingtherumApp.swift in Sources */,
				4BED966A53BAEDC1F1681493 /* AuthenticationInteractor.swift in Sources */,
				267B49DDD711CB46D58689B4 /* AuthenticationPresenter.swift in Sources */,
				E98FEE4F20FD8106CD910BEB /* AuthenticationRouter.swift in Sources */,
				BF39283AFFF20D87A01E4689 /* AuthenticationView.swift in Sources */,
				3B99A6B2108D82E5AC5E728A /* AuthenticationWorker.swift in Sources */,
				974A341D935B494B2D134F1F /* GasCalculatorModels.swift in Sources */,
				98A0395E1660876523F38743 /* HistoryInteractor.swift in Sources */,
				D8C131BC25E30A1E646943DC /* HistoryPresenter.swift in Sources */,
				8983AB8CCFBE7E5A3AA101A2 /* HistoryRouter.swift in Sources */,
				3B3799E9D1EC3B6A0869E245 /* HistoryView.swift in Sources */,
				30B21D10F313F6B6862A7365 /* HistoryWorker.swift in Sources */,
				3E1D26ABBB6DD360DAE4E458 /* AppTab.swift in Sources */,
				A5C4C7296E015D68B4B71D08 /* CustomTabBar.swift in Sources */,
				0565944B092CE28919F06D48 /* MainTabView.swift in Sources */,
				4E0ECAC6FEE0D49D21D8ACA6 /* DisplayModeSelectorView.swift in Sources */,
				542A7CF1176DF5FE2370CB27 /* SettingsInteractor.swift in Sources */,
				54A7C740B26F5886DB1E4D4B /* SettingsPresenter.swift in Sources */,
				6C36AAC7BDE098EDD2173EF1 /* SettingsRouter.swift in Sources */,
				8A10605547E8FA2923D201D2 /* SettingsView.swift in Sources */,
				58CDAEFF3D568D1540CC4AAA /* SettingsWorker.swift in Sources */,
				241EE4117ABBFE3DF939072B /* SplashView.swift in Sources */,
				F6349BA265C1131B05733A4D /* ReceiveErrorHandler.swift in Sources */,
				C8FA0D19CC1A0ECFD85B2D25 /* ReceiveInteractor.swift in Sources */,
				7DC6AF643636FDE265D1F671 /* ReceivePresenter.swift in Sources */,
				64FE5F2B88422E990D2C157A /* ReceiveRouter.swift in Sources */,
				4C19A02022C1BCF967DCB5EB /* ReceiveView.swift in Sources */,
				3DC061F19B6C91893043D850 /* ReceiveWorker.swift in Sources */,
				D488120F0A26DC1A24F043FE /* ReceiveSecurityManager.swift in Sources */,
				D761BAC751A098376A641675 /* SendCoordinator.swift in Sources */,
				C7B71071E1EC1A45B3A65BF4 /* SendError.swift in Sources */,
				840237E147321DE3AC54956E /* SendInteractor.swift in Sources */,
				EB8016E79370AD71676F7346 /* SendPresenter.swift in Sources */,
				C4DC199193192031D7E4CE94 /* SendRouter.swift in Sources */,
				31F330554FC2B93E5012898A /* SendSuccessView.swift in Sources */,
				F97642E707D7F84F4D57E5F4 /* SendView.swift in Sources */,
				5EE0ADA6ED755D815507DCD1 /* SendWorker.swift in Sources */,
				70A64525CA879DCBF5223250 /* MnemonicView.swift in Sources */,
				9016FEB3AF89B765EB7AC2EB /* WalletHomeView.swift in Sources */,
			);
			runOnlyForDeploymentPostprocessing = 0;
		};
/* End PBXSourcesBuildPhase section */

/* Begin PBXTargetDependency section */
		B2DBD12947DB13A814E80875 /* PBXTargetDependency */ = {
			isa = PBXTargetDependency;
			name = Kingthereum;
			target = 183096DB640A914F98382612 /* Kingthereum */;
			targetProxy = C6A3DB8E5BF4EEC2B76EEEE0 /* PBXContainerItemProxy */;
		};
/* End PBXTargetDependency section */

/* Begin XCBuildConfiguration section */
		29F1CB187B1774736A194A17 /* Release */ = {
			isa = XCBuildConfiguration;
			buildSettings = {
				ALWAYS_SEARCH_USER_PATHS = NO;
				CLANG_ANALYZER_LOCALIZABILITY_NONLOCALIZED = YES;
				CLANG_ANALYZER_NONNULL = YES;
				CLANG_ANALYZER_NUMBER_OBJECT_CONVERSION = YES_AGGRESSIVE;
				CLANG_CXX_LANGUAGE_STANDARD = "gnu++14";
				CLANG_CXX_LIBRARY = "libc++";
				CLANG_ENABLE_MODULES = YES;
				CLANG_ENABLE_OBJC_ARC = YES;
				CLANG_ENABLE_OBJC_WEAK = YES;
				CLANG_WARN_BLOCK_CAPTURE_AUTORELEASING = YES;
				CLANG_WARN_BOOL_CONVERSION = YES;
				CLANG_WARN_COMMA = YES;
				CLANG_WARN_CONSTANT_CONVERSION = YES;
				CLANG_WARN_DEPRECATED_OBJC_IMPLEMENTATIONS = YES;
				CLANG_WARN_DIRECT_OBJC_ISA_USAGE = YES_ERROR;
				CLANG_WARN_DOCUMENTATION_COMMENTS = YES;
				CLANG_WARN_EMPTY_BODY = YES;
				CLANG_WARN_ENUM_CONVERSION = YES;
				CLANG_WARN_INFINITE_RECURSION = YES;
				CLANG_WARN_INT_CONVERSION = YES;
				CLANG_WARN_NON_LITERAL_NULL_CONVERSION = YES;
				CLANG_WARN_OBJC_IMPLICIT_RETAIN_SELF = YES;
				CLANG_WARN_OBJC_LITERAL_CONVERSION = YES;
				CLANG_WARN_OBJC_ROOT_CLASS = YES_ERROR;
				CLANG_WARN_QUOTED_INCLUDE_IN_FRAMEWORK_HEADER = YES;
				CLANG_WARN_RANGE_LOOP_ANALYSIS = YES;
				CLANG_WARN_STRICT_PROTOTYPES = YES;
				CLANG_WARN_SUSPICIOUS_MOVE = YES;
				CLANG_WARN_UNGUARDED_AVAILABILITY = YES_AGGRESSIVE;
				CLANG_WARN_UNREACHABLE_CODE = YES;
				CLANG_WARN__DUPLICATE_METHOD_MATCH = YES;
				CODE_SIGN_STYLE = Automatic;
				COPY_PHASE_STRIP = NO;
				CURRENT_PROJECT_VERSION = 1;
				DEAD_CODE_STRIPPING = YES;
				DEBUG_INFORMATION_FORMAT = "dwarf-with-dsym";
				DEFINES_MODULE = YES;
				DEVELOPMENT_TEAM = RFHV927M8S;
				ENABLE_NS_ASSERTIONS = NO;
				ENABLE_STRICT_OBJC_MSGSEND = YES;
				GCC_C_LANGUAGE_STANDARD = gnu11;
				GCC_NO_COMMON_BLOCKS = YES;
				GCC_OPTIMIZATION_LEVEL = s;
				GCC_TREAT_WARNINGS_AS_ERRORS = YES;
				GCC_WARN_64_TO_32_BIT_CONVERSION = YES;
				GCC_WARN_ABOUT_RETURN_TYPE = YES_ERROR;
				GCC_WARN_UNDECLARED_SELECTOR = YES;
				GCC_WARN_UNINITIALIZED_AUTOS = YES_AGGRESSIVE;
				GCC_WARN_UNUSED_FUNCTION = YES;
				GCC_WARN_UNUSED_VARIABLE = YES;
				IPHONEOS_DEPLOYMENT_TARGET = 18.0;
				MARKETING_VERSION = 1.0.0;
				MTL_ENABLE_DEBUG_INFO = NO;
				OTHER_LDFLAGS = "-ObjC";
				PRODUCT_NAME = "$(TARGET_NAME)";
				SWIFT_COMPILATION_MODE = wholemodule;
				SWIFT_OPTIMIZATION_LEVEL = "-O";
				SWIFT_STRICT_CONCURRENCY = complete;
				SWIFT_TREAT_WARNINGS_AS_ERRORS = YES;
				SWIFT_VERSION = 6;
				VALIDATE_PRODUCT = YES;
			};
			name = Release;
		};
		31427279D4BD52F009FE06D4 /* Release */ = {
			isa = XCBuildConfiguration;
			buildSettings = {
				BUNDLE_LOADER = "$(TEST_HOST)";
				CLANG_ENABLE_OBJC_ARC = YES;
				CLANG_WARN_OBJC_ROOT_CLASS = YES_ERROR;
				CODE_SIGN_IDENTITY = "iPhone Developer";
				CODE_SIGN_STYLE = Automatic;
				CURRENT_PROJECT_VERSION = 1;
				DEAD_CODE_STRIPPING = YES;
				DEFINES_MODULE = YES;
				DEVELOPMENT_TEAM = RFHV927M8S;
				ENABLE_STRICT_OBJC_MSGSEND = YES;
				ENABLE_SWIFT_TESTING = YES;
				ENABLE_TESTING_SEARCH_PATHS = YES;
				GCC_C_LANGUAGE_STANDARD = gnu11;
				GCC_TREAT_WARNINGS_AS_ERRORS = YES;
				GCC_WARN_UNUSED_VARIABLE = YES;
				HEADER_SEARCH_PATHS = (
					"$(inherited)",
					"$(SRCROOT)/../../Tuist/.build/checkouts/secp256k1.swift/Sources/secp256k1_bindings/include",
				);
				INFOPLIST_FILE = "Derived/InfoPlists/KingthereumTests-Info.plist";
				IPHONEOS_DEPLOYMENT_TARGET = 18.0;
				LD_RUNPATH_SEARCH_PATHS = (
					"$(inherited)",
					"@executable_path/Frameworks",
					"@loader_path/Frameworks",
				);
				MARKETING_VERSION = 1.0.0;
				OTHER_CFLAGS = (
					"$(inherited)",
					"-fmodule-map-file=$(SRCROOT)/../../Tuist/.build/tuist-derived/secp256k1_bindings/secp256k1_bindings.modulemap",
				);
				OTHER_LDFLAGS = "-ObjC";
				OTHER_SWIFT_FLAGS = (
					"$(inherited)",
					"-Xcc",
					"-fmodule-map-file=$(SRCROOT)/../../Tuist/.build/tuist-derived/secp256k1_bindings/secp256k1_bindings.modulemap",
				);
				PRODUCT_BUNDLE_IDENTIFIER = com.kingtherum.KingthereumTests;
				PRODUCT_NAME = KingthereumTests;
				SDKROOT = iphoneos;
				SUPPORTS_MACCATALYST = NO;
				SUPPORTS_MAC_DESIGNED_FOR_IPHONE_IPAD = NO;
				SUPPORTS_XR_DESIGNED_FOR_IPHONE_IPAD = NO;
				SWIFT_COMPILATION_MODE = singlefile;
				SWIFT_OPTIMIZATION_LEVEL = "-Onone";
				SWIFT_STRICT_CONCURRENCY = complete;
				SWIFT_TESTING = YES;
				SWIFT_TREAT_WARNINGS_AS_ERRORS = YES;
				SWIFT_VERSION = 6;
				TARGETED_DEVICE_FAMILY = "1,2";
				TEST_HOST = "$(BUILT_PRODUCTS_DIR)/Kingthereum.app/$(BUNDLE_EXECUTABLE_FOLDER_PATH)/Kingthereum";
				TEST_TARGET_NAME = Kingthereum;
			};
			name = Release;
		};
		65BC16CA8A3492922B9359C9 /* Debug */ = {
			isa = XCBuildConfiguration;
			buildSettings = {
				BUNDLE_LOADER = "$(TEST_HOST)";
				CLANG_ENABLE_OBJC_ARC = YES;
				CLANG_WARN_OBJC_ROOT_CLASS = YES_ERROR;
				CODE_SIGN_IDENTITY = "iPhone Developer";
				CODE_SIGN_STYLE = Automatic;
				CURRENT_PROJECT_VERSION = 1;
				DEAD_CODE_STRIPPING = YES;
				DEFINES_MODULE = YES;
				DEVELOPMENT_TEAM = RFHV927M8S;
				ENABLE_STRICT_OBJC_MSGSEND = YES;
				ENABLE_SWIFT_TESTING = YES;
				ENABLE_TESTING_SEARCH_PATHS = YES;
				GCC_C_LANGUAGE_STANDARD = gnu11;
				GCC_TREAT_WARNINGS_AS_ERRORS = YES;
				GCC_WARN_UNUSED_VARIABLE = YES;
				HEADER_SEARCH_PATHS = (
					"$(inherited)",
					"$(SRCROOT)/../../Tuist/.build/checkouts/secp256k1.swift/Sources/secp256k1_bindings/include",
				);
				INFOPLIST_FILE = "Derived/InfoPlists/KingthereumTests-Info.plist";
				IPHONEOS_DEPLOYMENT_TARGET = 18.0;
				LD_RUNPATH_SEARCH_PATHS = (
					"$(inherited)",
					"@executable_path/Frameworks",
					"@loader_path/Frameworks",
				);
				MARKETING_VERSION = 1.0.0;
				OTHER_CFLAGS = (
					"$(inherited)",
					"-fmodule-map-file=$(SRCROOT)/../../Tuist/.build/tuist-derived/secp256k1_bindings/secp256k1_bindings.modulemap",
				);
				OTHER_LDFLAGS = "-ObjC";
				OTHER_SWIFT_FLAGS = (
					"$(inherited)",
					"-Xcc",
					"-fmodule-map-file=$(SRCROOT)/../../Tuist/.build/tuist-derived/secp256k1_bindings/secp256k1_bindings.modulemap",
				);
				PRODUCT_BUNDLE_IDENTIFIER = com.kingtherum.KingthereumTests;
				PRODUCT_NAME = KingthereumTests;
				SDKROOT = iphoneos;
				SUPPORTS_MACCATALYST = NO;
				SUPPORTS_MAC_DESIGNED_FOR_IPHONE_IPAD = NO;
				SUPPORTS_XR_DESIGNED_FOR_IPHONE_IPAD = NO;
				SWIFT_ACTIVE_COMPILATION_CONDITIONS = (
					"$(inherited)",
					DEBUG,
				);
				SWIFT_COMPILATION_MODE = singlefile;
				SWIFT_OPTIMIZATION_LEVEL = "-Onone";
				SWIFT_STRICT_CONCURRENCY = complete;
				SWIFT_TESTING = YES;
				SWIFT_TREAT_WARNINGS_AS_ERRORS = YES;
				SWIFT_VERSION = 6;
				TARGETED_DEVICE_FAMILY = "1,2";
				TEST_HOST = "$(BUILT_PRODUCTS_DIR)/Kingthereum.app/$(BUNDLE_EXECUTABLE_FOLDER_PATH)/Kingthereum";
				TEST_TARGET_NAME = Kingthereum;
			};
			name = Debug;
		};
		7B2C0BFEC3F33B261380C8EB /* Debug */ = {
			isa = XCBuildConfiguration;
			buildSettings = {
				ALWAYS_SEARCH_USER_PATHS = NO;
				CLANG_ANALYZER_LOCALIZABILITY_NONLOCALIZED = YES;
				CLANG_ANALYZER_NONNULL = YES;
				CLANG_ANALYZER_NUMBER_OBJECT_CONVERSION = YES_AGGRESSIVE;
				CLANG_CXX_LANGUAGE_STANDARD = "gnu++14";
				CLANG_CXX_LIBRARY = "libc++";
				CLANG_ENABLE_MODULES = YES;
				CLANG_ENABLE_OBJC_ARC = YES;
				CLANG_ENABLE_OBJC_WEAK = YES;
				CLANG_WARN_BLOCK_CAPTURE_AUTORELEASING = YES;
				CLANG_WARN_BOOL_CONVERSION = YES;
				CLANG_WARN_COMMA = YES;
				CLANG_WARN_CONSTANT_CONVERSION = YES;
				CLANG_WARN_DEPRECATED_OBJC_IMPLEMENTATIONS = YES;
				CLANG_WARN_DIRECT_OBJC_ISA_USAGE = YES_ERROR;
				CLANG_WARN_DOCUMENTATION_COMMENTS = YES;
				CLANG_WARN_EMPTY_BODY = YES;
				CLANG_WARN_ENUM_CONVERSION = YES;
				CLANG_WARN_INFINITE_RECURSION = YES;
				CLANG_WARN_INT_CONVERSION = YES;
				CLANG_WARN_NON_LITERAL_NULL_CONVERSION = YES;
				CLANG_WARN_OBJC_IMPLICIT_RETAIN_SELF = YES;
				CLANG_WARN_OBJC_LITERAL_CONVERSION = YES;
				CLANG_WARN_OBJC_ROOT_CLASS = YES_ERROR;
				CLANG_WARN_QUOTED_INCLUDE_IN_FRAMEWORK_HEADER = YES;
				CLANG_WARN_RANGE_LOOP_ANALYSIS = YES;
				CLANG_WARN_STRICT_PROTOTYPES = YES;
				CLANG_WARN_SUSPICIOUS_MOVE = YES;
				CLANG_WARN_UNGUARDED_AVAILABILITY = YES_AGGRESSIVE;
				CLANG_WARN_UNREACHABLE_CODE = YES;
				CLANG_WARN__DUPLICATE_METHOD_MATCH = YES;
				CODE_SIGN_STYLE = Automatic;
				COPY_PHASE_STRIP = NO;
				CURRENT_PROJECT_VERSION = 1;
				DEAD_CODE_STRIPPING = YES;
				DEBUG_INFORMATION_FORMAT = dwarf;
				DEFINES_MODULE = YES;
				DEVELOPMENT_TEAM = RFHV927M8S;
				ENABLE_STRICT_OBJC_MSGSEND = YES;
				ENABLE_TESTABILITY = YES;
				GCC_C_LANGUAGE_STANDARD = gnu11;
				GCC_DYNAMIC_NO_PIC = NO;
				GCC_NO_COMMON_BLOCKS = YES;
				GCC_OPTIMIZATION_LEVEL = 0;
				GCC_PREPROCESSOR_DEFINITIONS = (
					"DEBUG=1",
					"$(inherited)",
				);
				GCC_TREAT_WARNINGS_AS_ERRORS = YES;
				GCC_WARN_64_TO_32_BIT_CONVERSION = YES;
				GCC_WARN_ABOUT_RETURN_TYPE = YES_ERROR;
				GCC_WARN_UNDECLARED_SELECTOR = YES;
				GCC_WARN_UNINITIALIZED_AUTOS = YES_AGGRESSIVE;
				GCC_WARN_UNUSED_FUNCTION = YES;
				GCC_WARN_UNUSED_VARIABLE = YES;
				IPHONEOS_DEPLOYMENT_TARGET = 18.0;
				MARKETING_VERSION = 1.0.0;
				MTL_ENABLE_DEBUG_INFO = YES;
				ONLY_ACTIVE_ARCH = YES;
				OTHER_LDFLAGS = "-ObjC";
				PRODUCT_NAME = "$(TARGET_NAME)";
				SWIFT_COMPILATION_MODE = singlefile;
				SWIFT_OPTIMIZATION_LEVEL = "-Onone";
				SWIFT_STRICT_CONCURRENCY = complete;
				SWIFT_TREAT_WARNINGS_AS_ERRORS = YES;
				SWIFT_VERSION = 6;
			};
			name = Debug;
		};
		918F02FCC4338D2F75FC90C9 /* Release */ = {
			isa = XCBuildConfiguration;
			buildSettings = {
				ASSETCATALOG_COMPILER_APPICON_NAME = AppIcon;
				CLANG_ENABLE_OBJC_ARC = YES;
				CLANG_WARN_OBJC_ROOT_CLASS = YES_ERROR;
				CODE_SIGN_IDENTITY = "iPhone Developer";
				CODE_SIGN_STYLE = Automatic;
				CURRENT_PROJECT_VERSION = 1;
				DEAD_CODE_STRIPPING = YES;
				DEFINES_MODULE = YES;
				DEVELOPMENT_TEAM = RFHV927M8S;
				ENABLE_PREVIEWS = YES;
				ENABLE_STRICT_OBJC_MSGSEND = YES;
				ENABLE_TESTING_SEARCH_PATHS = YES;
				GCC_C_LANGUAGE_STANDARD = gnu11;
				GCC_OPTIMIZATION_LEVEL = s;
				GCC_TREAT_WARNINGS_AS_ERRORS = YES;
				GCC_WARN_UNUSED_VARIABLE = YES;
				HEADER_SEARCH_PATHS = (
					"$(inherited)",
					"$(SRCROOT)/../../Tuist/.build/checkouts/secp256k1.swift/Sources/secp256k1_bindings/include",
				);
				INFOPLIST_FILE = "Derived/InfoPlists/Kingthereum-Info.plist";
				IPHONEOS_DEPLOYMENT_TARGET = 18.0;
				LD_RUNPATH_SEARCH_PATHS = (
					"$(inherited)",
					"@executable_path/Frameworks",
				);
				MARKETING_VERSION = 1.0.0;
				OTHER_CFLAGS = (
					"$(inherited)",
					"-fmodule-map-file=$(SRCROOT)/../../Tuist/.build/tuist-derived/secp256k1_bindings/secp256k1_bindings.modulemap",
				);
				OTHER_LDFLAGS = "-ObjC";
				OTHER_SWIFT_FLAGS = (
					"$(inherited)",
					"-Xcc",
					"-fmodule-map-file=$(SRCROOT)/../../Tuist/.build/tuist-derived/secp256k1_bindings/secp256k1_bindings.modulemap",
				);
				PRODUCT_BUNDLE_IDENTIFIER = com.kingtherum;
				PRODUCT_NAME = Kingthereum;
				SDKROOT = iphoneos;
				SUPPORTS_MACCATALYST = NO;
				SUPPORTS_MAC_DESIGNED_FOR_IPHONE_IPAD = NO;
				SUPPORTS_XR_DESIGNED_FOR_IPHONE_IPAD = NO;
				SWIFT_COMPILATION_MODE = wholemodule;
				SWIFT_EMIT_LOC_STRINGS = YES;
				SWIFT_OPTIMIZATION_LEVEL = "-O";
				SWIFT_STRICT_CONCURRENCY = complete;
				SWIFT_TREAT_WARNINGS_AS_ERRORS = YES;
				SWIFT_VERSION = 6;
				TARGETED_DEVICE_FAMILY = "1,2";
			};
			name = Release;
		};
		A371AF33D5A0FBE5BA4820FC /* Debug */ = {
			isa = XCBuildConfiguration;
			buildSettings = {
				ASSETCATALOG_COMPILER_APPICON_NAME = AppIcon;
				CLANG_ENABLE_OBJC_ARC = YES;
				CLANG_WARN_OBJC_ROOT_CLASS = YES_ERROR;
				CODE_SIGN_IDENTITY = "iPhone Developer";
				CODE_SIGN_STYLE = Automatic;
				CURRENT_PROJECT_VERSION = 1;
				DEAD_CODE_STRIPPING = YES;
				DEFINES_MODULE = YES;
				DEVELOPMENT_TEAM = RFHV927M8S;
				ENABLE_PREVIEWS = YES;
				ENABLE_STRICT_OBJC_MSGSEND = YES;
				ENABLE_TESTING_SEARCH_PATHS = YES;
				GCC_C_LANGUAGE_STANDARD = gnu11;
				GCC_TREAT_WARNINGS_AS_ERRORS = YES;
				GCC_WARN_UNUSED_VARIABLE = YES;
				HEADER_SEARCH_PATHS = (
					"$(inherited)",
					"$(SRCROOT)/../../Tuist/.build/checkouts/secp256k1.swift/Sources/secp256k1_bindings/include",
				);
				INFOPLIST_FILE = "Derived/InfoPlists/Kingthereum-Info.plist";
				IPHONEOS_DEPLOYMENT_TARGET = 18.0;
				LD_RUNPATH_SEARCH_PATHS = (
					"$(inherited)",
					"@executable_path/Frameworks",
				);
				MARKETING_VERSION = 1.0.0;
				OTHER_CFLAGS = (
					"$(inherited)",
					"-fmodule-map-file=$(SRCROOT)/../../Tuist/.build/tuist-derived/secp256k1_bindings/secp256k1_bindings.modulemap",
				);
				OTHER_LDFLAGS = "-ObjC";
				OTHER_SWIFT_FLAGS = (
					"$(inherited)",
					"-Xcc",
					"-fmodule-map-file=$(SRCROOT)/../../Tuist/.build/tuist-derived/secp256k1_bindings/secp256k1_bindings.modulemap",
				);
				PRODUCT_BUNDLE_IDENTIFIER = com.kingtherum;
				PRODUCT_NAME = Kingthereum;
				SDKROOT = iphoneos;
				SUPPORTS_MACCATALYST = NO;
				SUPPORTS_MAC_DESIGNED_FOR_IPHONE_IPAD = NO;
				SUPPORTS_XR_DESIGNED_FOR_IPHONE_IPAD = NO;
				SWIFT_ACTIVE_COMPILATION_CONDITIONS = (
					"$(inherited)",
					DEBUG,
				);
				SWIFT_COMPILATION_MODE = singlefile;
				SWIFT_EMIT_LOC_STRINGS = YES;
				SWIFT_OPTIMIZATION_LEVEL = "-Onone";
				SWIFT_STRICT_CONCURRENCY = complete;
				SWIFT_TREAT_WARNINGS_AS_ERRORS = YES;
				SWIFT_VERSION = 6;
				TARGETED_DEVICE_FAMILY = "1,2";
			};
			name = Debug;
		};
/* End XCBuildConfiguration section */

/* Begin XCConfigurationList section */
		4E5EE2236AB03406B93B245F /* Build configuration list for PBXProject "Kingthereum" */ = {
			isa = XCConfigurationList;
			buildConfigurations = (
				7B2C0BFEC3F33B261380C8EB /* Debug */,
				29F1CB187B1774736A194A17 /* Release */,
			);
			defaultConfigurationIsVisible = 0;
			defaultConfigurationName = Release;
		};
		78E5C6E0D051B16AE9C885F7 /* Build configuration list for PBXNativeTarget "Kingthereum" */ = {
			isa = XCConfigurationList;
			buildConfigurations = (
				A371AF33D5A0FBE5BA4820FC /* Debug */,
				918F02FCC4338D2F75FC90C9 /* Release */,
			);
			defaultConfigurationIsVisible = 0;
			defaultConfigurationName = Release;
		};
		C197078D80B80044BF792731 /* Build configuration list for PBXNativeTarget "KingthereumTests" */ = {
			isa = XCConfigurationList;
			buildConfigurations = (
				65BC16CA8A3492922B9359C9 /* Debug */,
				31427279D4BD52F009FE06D4 /* Release */,
			);
			defaultConfigurationIsVisible = 0;
			defaultConfigurationName = Release;
		};
/* End XCConfigurationList section */
	};
	rootObject = 2F88CFAA9A743E225DC5D711 /* Project object */;
}
